// !$*UTF8*$!
{
	archiveVersion = 1;
	classes = {
	};
	objectVersion = 55;
	objects = {

/* Begin PBXBuildFile section */
		2B38A3382737F4820041B1EC /* PodKeyBoard.swift in Sources */ = {isa = PBXBuildFile; fileRef = 2B38A3372737F4820041B1EC /* PodKeyBoard.swift */; };
		2B38A34927382CD90041B1EC /* Piano_E3.mp3 in Resources */ = {isa = PBXBuildFile; fileRef = 2B38A33D27382CD80041B1EC /* Piano_E3.mp3 */; };
		2B38A34A27382CD90041B1EC /* Piano_#C3.mp3 in Resources */ = {isa = PBXBuildFile; fileRef = 2B38A33E27382CD90041B1EC /* Piano_#C3.mp3 */; };
		2B38A34B27382CD90041B1EC /* Piano_F3.mp3 in Resources */ = {isa = PBXBuildFile; fileRef = 2B38A33F27382CD90041B1EC /* Piano_F3.mp3 */; };
		2B38A34C27382CD90041B1EC /* Piano_#G3.mp3 in Resources */ = {isa = PBXBuildFile; fileRef = 2B38A34027382CD90041B1EC /* Piano_#G3.mp3 */; };
		2B38A34D27382CD90041B1EC /* Piano_C3.mp3 in Resources */ = {isa = PBXBuildFile; fileRef = 2B38A34127382CD90041B1EC /* Piano_C3.mp3 */; };
		2B38A34E27382CD90041B1EC /* Piano_#A3.mp3 in Resources */ = {isa = PBXBuildFile; fileRef = 2B38A34227382CD90041B1EC /* Piano_#A3.mp3 */; };
		2B38A34F27382CD90041B1EC /* Piano_G3.mp3 in Resources */ = {isa = PBXBuildFile; fileRef = 2B38A34327382CD90041B1EC /* Piano_G3.mp3 */; };
		2B38A35027382CD90041B1EC /* Piano_#D3.mp3 in Resources */ = {isa = PBXBuildFile; fileRef = 2B38A34427382CD90041B1EC /* Piano_#D3.mp3 */; };
		2B38A35127382CD90041B1EC /* Piano_#F3.mp3 in Resources */ = {isa = PBXBuildFile; fileRef = 2B38A34527382CD90041B1EC /* Piano_#F3.mp3 */; };
		2B38A35227382CD90041B1EC /* Piano_A3.mp3 in Resources */ = {isa = PBXBuildFile; fileRef = 2B38A34627382CD90041B1EC /* Piano_A3.mp3 */; };
		2B38A35427382CD90041B1EC /* Piano_D3.mp3 in Resources */ = {isa = PBXBuildFile; fileRef = 2B38A34827382CD90041B1EC /* Piano_D3.mp3 */; };
		2B38A36427382CF50041B1EC /* BackgroundSound_B5.mp3 in Resources */ = {isa = PBXBuildFile; fileRef = 2B38A35627382CF30041B1EC /* BackgroundSound_B5.mp3 */; };
		2B38A36527382CF50041B1EC /* BackgroundSound_#G5.mp3 in Resources */ = {isa = PBXBuildFile; fileRef = 2B38A35727382CF30041B1EC /* BackgroundSound_#G5.mp3 */; };
		2B38A36627382CF50041B1EC /* BackgroundSound_D5.mp3 in Resources */ = {isa = PBXBuildFile; fileRef = 2B38A35827382CF30041B1EC /* BackgroundSound_D5.mp3 */; };
		2B38A36727382CF50041B1EC /* BackgroundSound_G5.mp3 in Resources */ = {isa = PBXBuildFile; fileRef = 2B38A35927382CF40041B1EC /* BackgroundSound_G5.mp3 */; };
		2B38A36827382CF50041B1EC /* BackgroundSound_#A5.mp3 in Resources */ = {isa = PBXBuildFile; fileRef = 2B38A35A27382CF40041B1EC /* BackgroundSound_#A5.mp3 */; };
		2B38A36927382CF50041B1EC /* BackgroundSound_C5.mp3 in Resources */ = {isa = PBXBuildFile; fileRef = 2B38A35B27382CF40041B1EC /* BackgroundSound_C5.mp3 */; };
		2B38A36B27382CF50041B1EC /* BackgroundSound_E5.mp3 in Resources */ = {isa = PBXBuildFile; fileRef = 2B38A35D27382CF40041B1EC /* BackgroundSound_E5.mp3 */; };
		2B38A36C27382CF50041B1EC /* BackgroundSound_#D5.mp3 in Resources */ = {isa = PBXBuildFile; fileRef = 2B38A35E27382CF40041B1EC /* BackgroundSound_#D5.mp3 */; };
		2B38A36E27382CF50041B1EC /* BackgroundSound_A5.mp3 in Resources */ = {isa = PBXBuildFile; fileRef = 2B38A36027382CF40041B1EC /* BackgroundSound_A5.mp3 */; };
		2B38A36F27382CF50041B1EC /* BackgroundSound_#F5.mp3 in Resources */ = {isa = PBXBuildFile; fileRef = 2B38A36127382CF40041B1EC /* BackgroundSound_#F5.mp3 */; };
		2B38A37027382CF50041B1EC /* BackgroundSound_#C5.mp3 in Resources */ = {isa = PBXBuildFile; fileRef = 2B38A36227382CF40041B1EC /* BackgroundSound_#C5.mp3 */; };
		2B38A37127382CF50041B1EC /* BackgroundSound_F5.mp3 in Resources */ = {isa = PBXBuildFile; fileRef = 2B38A36327382CF40041B1EC /* BackgroundSound_F5.mp3 */; };
		2B38A37D27382D550041B1EC /* bass_F3.mp3 in Resources */ = {isa = PBXBuildFile; fileRef = 2B38A37327382D550041B1EC /* bass_F3.mp3 */; };
		2B38A37E27382D550041B1EC /* bass_D3.mp3 in Resources */ = {isa = PBXBuildFile; fileRef = 2B38A37427382D550041B1EC /* bass_D3.mp3 */; };
		2B38A37F27382D550041B1EC /* bass_#C3.mp3 in Resources */ = {isa = PBXBuildFile; fileRef = 2B38A37527382D550041B1EC /* bass_#C3.mp3 */; };
		2B38A38027382D550041B1EC /* bass_#F3.mp3 in Resources */ = {isa = PBXBuildFile; fileRef = 2B38A37627382D550041B1EC /* bass_#F3.mp3 */; };
		2B38A38127382D550041B1EC /* bass_#D3.mp3 in Resources */ = {isa = PBXBuildFile; fileRef = 2B38A37727382D550041B1EC /* bass_#D3.mp3 */; };
		2B38A38227382D550041B1EC /* bass_E3.mp3 in Resources */ = {isa = PBXBuildFile; fileRef = 2B38A37827382D550041B1EC /* bass_E3.mp3 */; };
		2B38A38327382D550041B1EC /* bass_A3.mp3 in Resources */ = {isa = PBXBuildFile; fileRef = 2B38A37927382D550041B1EC /* bass_A3.mp3 */; };
		2B38A38427382D550041B1EC /* bass_C3.mp3 in Resources */ = {isa = PBXBuildFile; fileRef = 2B38A37A27382D550041B1EC /* bass_C3.mp3 */; };
		2B38A38527382D550041B1EC /* bass_G3.mp3 in Resources */ = {isa = PBXBuildFile; fileRef = 2B38A37B27382D550041B1EC /* bass_G3.mp3 */; };
		2B38A38627382D550041B1EC /* bass_#G3.mp3 in Resources */ = {isa = PBXBuildFile; fileRef = 2B38A37C27382D550041B1EC /* bass_#G3.mp3 */; };
		2B38A38827382E1A0041B1EC /* Piano_B3.mp3 in Resources */ = {isa = PBXBuildFile; fileRef = 2B38A38727382E1A0041B1EC /* Piano_B3.mp3 */; };
		2B5A795F27341B01000C5437 /* SoundCardPlugIn.swift in Sources */ = {isa = PBXBuildFile; fileRef = 2B5A795E27341B01000C5437 /* SoundCardPlugIn.swift */; };
		2B5A796127341B6C000C5437 /* SoundCardPlugInLogic.swift in Sources */ = {isa = PBXBuildFile; fileRef = 2B5A796027341B6B000C5437 /* SoundCardPlugInLogic.swift */; };
		2B5A79652734233B000C5437 /* SoundCardPlugInView.swift in Sources */ = {isa = PBXBuildFile; fileRef = 2B5A79642734233B000C5437 /* SoundCardPlugInView.swift */; };
		2B5A7967273426A1000C5437 /* PlugInView.swift in Sources */ = {isa = PBXBuildFile; fileRef = 2B5A7966273426A1000C5437 /* PlugInView.swift */; };
		2B5A796A273580E9000C5437 /* SoundCardPlugInControl.swift in Sources */ = {isa = PBXBuildFile; fileRef = 2B5A7969273580E9000C5437 /* SoundCardPlugInControl.swift */; };
		2B5A79932735B04A000C5437 /* PlaySampleStringsGroup.swift in Sources */ = {isa = PBXBuildFile; fileRef = 2B5A79922735B04A000C5437 /* PlaySampleStringsGroup.swift */; };
		2B5A79952735B08A000C5437 /* PlaySamplePianoGroup.swift in Sources */ = {isa = PBXBuildFile; fileRef = 2B5A79942735B08A000C5437 /* PlaySamplePianoGroup.swift */; };
		2B5A79972735B2BB000C5437 /* UITools.swift in Sources */ = {isa = PBXBuildFile; fileRef = 2B5A79962735B2BB000C5437 /* UITools.swift */; };
		2B5A7999273667AD000C5437 /* TimeCountLogic.swift in Sources */ = {isa = PBXBuildFile; fileRef = 2B5A7998273667AC000C5437 /* TimeCountLogic.swift */; };
		2B5A799B27366BBB000C5437 /* dangDangDang.m4a in Resources */ = {isa = PBXBuildFile; fileRef = 2B5A799A27366BBB000C5437 /* dangDangDang.m4a */; };
		2B5A799D27366E31000C5437 /* DangDangDangView.swift in Sources */ = {isa = PBXBuildFile; fileRef = 2B5A799C27366E31000C5437 /* DangDangDangView.swift */; };
		2B6D9E382739AF7700273A83 /* SavedFileNames.swift in Sources */ = {isa = PBXBuildFile; fileRef = 2B6D9E372739AF7700273A83 /* SavedFileNames.swift */; };
		2B6D9E3C273AE2B800273A83 /* PlayCreationsModel.swift in Sources */ = {isa = PBXBuildFile; fileRef = 2B6D9E3B273AE2B800273A83 /* PlayCreationsModel.swift */; };
		2B6D9E3F273AF34A00273A83 /* GetSystemPathWay.swift in Sources */ = {isa = PBXBuildFile; fileRef = 2B6D9E3E273AF34A00273A83 /* GetSystemPathWay.swift */; };
		2B72799F27311D2A008047DA /* salt_one.wav in Resources */ = {isa = PBXBuildFile; fileRef = 2B72799D27311D2A008047DA /* salt_one.wav */; };
		2B7279A027311D2A008047DA /* salt_two.wav in Resources */ = {isa = PBXBuildFile; fileRef = 2B72799E27311D2A008047DA /* salt_two.wav */; };
		2B7279A22731256F008047DA /* ConvolutionSlider.swift in Sources */ = {isa = PBXBuildFile; fileRef = 2B7279A12731256F008047DA /* ConvolutionSlider.swift */; };
		2B7804F6273C373700E18FA2 /* TrackPlayControl_MODEL.swift in Sources */ = {isa = PBXBuildFile; fileRef = 2B7804F5273C373700E18FA2 /* TrackPlayControl_MODEL.swift */; };
		2B7804FE273C495800E18FA2 /* Track_One.swift in Sources */ = {isa = PBXBuildFile; fileRef = 2B7804FD273C495800E18FA2 /* Track_One.swift */; };
		2B780500273C49AE00E18FA2 /* Track_Two.swift in Sources */ = {isa = PBXBuildFile; fileRef = 2B7804FF273C49AE00E18FA2 /* Track_Two.swift */; };
		2B780502273C4BA000E18FA2 /* Track_Three.swift in Sources */ = {isa = PBXBuildFile; fileRef = 2B780501273C4BA000E18FA2 /* Track_Three.swift */; };
		2B780504273C690B00E18FA2 /* Track_Four.swift in Sources */ = {isa = PBXBuildFile; fileRef = 2B780503273C690B00E18FA2 /* Track_Four.swift */; };
		2B780506273C698000E18FA2 /* Track_Five.swift in Sources */ = {isa = PBXBuildFile; fileRef = 2B780505273C698000E18FA2 /* Track_Five.swift */; };
		2B780508273C69D000E18FA2 /* Track_Six.swift in Sources */ = {isa = PBXBuildFile; fileRef = 2B780507273C69D000E18FA2 /* Track_Six.swift */; };
		2B78050A273C6AA000E18FA2 /* Track_Seven.swift in Sources */ = {isa = PBXBuildFile; fileRef = 2B780509273C6AA000E18FA2 /* Track_Seven.swift */; };
		2B78050C273C6ADC00E18FA2 /* Track_Eight.swift in Sources */ = {isa = PBXBuildFile; fileRef = 2B78050B273C6ADC00E18FA2 /* Track_Eight.swift */; };
		2B78050E273C6B2D00E18FA2 /* Track_Nine.swift in Sources */ = {isa = PBXBuildFile; fileRef = 2B78050D273C6B2D00E18FA2 /* Track_Nine.swift */; };
		2B780510273C6B8D00E18FA2 /* Track_Ten.swift in Sources */ = {isa = PBXBuildFile; fileRef = 2B78050F273C6B8D00E18FA2 /* Track_Ten.swift */; };
		2B780512273C6BDF00E18FA2 /* Track_Eleven.swift in Sources */ = {isa = PBXBuildFile; fileRef = 2B780511273C6BDF00E18FA2 /* Track_Eleven.swift */; };
		2B780514273C6C2D00E18FA2 /* Track_Twelve.swift in Sources */ = {isa = PBXBuildFile; fileRef = 2B780513273C6C2D00E18FA2 /* Track_Twelve.swift */; };
		2B780516273C737400E18FA2 /* ButtonViewStyle.swift in Sources */ = {isa = PBXBuildFile; fileRef = 2B780515273C737400E18FA2 /* ButtonViewStyle.swift */; };
		2B780519273D1E4500E18FA2 /* PlaySampleGuitarGroup.swift in Sources */ = {isa = PBXBuildFile; fileRef = 2B780518273D1E4500E18FA2 /* PlaySampleGuitarGroup.swift */; };
		2B78051D273EE9B800E18FA2 /* MovableButtonC.swift in Sources */ = {isa = PBXBuildFile; fileRef = 2B78051C273EE9B800E18FA2 /* MovableButtonC.swift */; };
		2B78051F273EED7F00E18FA2 /* MovableButtonPlusC.swift in Sources */ = {isa = PBXBuildFile; fileRef = 2B78051E273EED7E00E18FA2 /* MovableButtonPlusC.swift */; };
		2B780521273EEE5A00E18FA2 /* MovableButtonD.swift in Sources */ = {isa = PBXBuildFile; fileRef = 2B780520273EEE5A00E18FA2 /* MovableButtonD.swift */; };
		2B780523273EEE6100E18FA2 /* MovableButtonPlusD.swift in Sources */ = {isa = PBXBuildFile; fileRef = 2B780522273EEE6100E18FA2 /* MovableButtonPlusD.swift */; };
		2B780525273EEE6800E18FA2 /* MovableButtonE.swift in Sources */ = {isa = PBXBuildFile; fileRef = 2B780524273EEE6800E18FA2 /* MovableButtonE.swift */; };
		2B780527273EEE6E00E18FA2 /* MovableButtonF.swift in Sources */ = {isa = PBXBuildFile; fileRef = 2B780526273EEE6E00E18FA2 /* MovableButtonF.swift */; };
		2B780529273EEE7A00E18FA2 /* MovableButtonPlusF.swift in Sources */ = {isa = PBXBuildFile; fileRef = 2B780528273EEE7A00E18FA2 /* MovableButtonPlusF.swift */; };
		2B78052B273EEE8100E18FA2 /* MovableButtonG.swift in Sources */ = {isa = PBXBuildFile; fileRef = 2B78052A273EEE8100E18FA2 /* MovableButtonG.swift */; };
		2B78052D273EEE8900E18FA2 /* MovableButtonPlusG.swift in Sources */ = {isa = PBXBuildFile; fileRef = 2B78052C273EEE8900E18FA2 /* MovableButtonPlusG.swift */; };
		2B78052F273EEE9100E18FA2 /* MovableButtonA.swift in Sources */ = {isa = PBXBuildFile; fileRef = 2B78052E273EEE9100E18FA2 /* MovableButtonA.swift */; };
		2B780531273EEEB100E18FA2 /* MovableButtonPlusA.swift in Sources */ = {isa = PBXBuildFile; fileRef = 2B780530273EEEB100E18FA2 /* MovableButtonPlusA.swift */; };
		2B780533273EEEBA00E18FA2 /* MovableButtonB.swift in Sources */ = {isa = PBXBuildFile; fileRef = 2B780532273EEEBA00E18FA2 /* MovableButtonB.swift */; };
		2B781350272A8A68002A8972 /* LoopPlayerApp.swift in Sources */ = {isa = PBXBuildFile; fileRef = 2B78134F272A8A68002A8972 /* LoopPlayerApp.swift */; };
		2B781352272A8A68002A8972 /* ContentView.swift in Sources */ = {isa = PBXBuildFile; fileRef = 2B781351272A8A68002A8972 /* ContentView.swift */; };
		2B781354272A8A6A002A8972 /* Assets.xcassets in Resources */ = {isa = PBXBuildFile; fileRef = 2B781353272A8A6A002A8972 /* Assets.xcassets */; };
		2B781357272A8A6A002A8972 /* Preview Assets.xcassets in Resources */ = {isa = PBXBuildFile; fileRef = 2B781356272A8A6A002A8972 /* Preview Assets.xcassets */; };
		2B78135E272A8B0B002A8972 /* button_sample_play.swift in Sources */ = {isa = PBXBuildFile; fileRef = 2B78135D272A8B0B002A8972 /* button_sample_play.swift */; };
		2B781360272AA025002A8972 /* PlaySample.swift in Sources */ = {isa = PBXBuildFile; fileRef = 2B78135F272AA025002A8972 /* PlaySample.swift */; };
		2B781362272AA477002A8972 /* sample_drum_one.mp3 in Resources */ = {isa = PBXBuildFile; fileRef = 2B781361272AA477002A8972 /* sample_drum_one.mp3 */; };
		2B781368272AAB40002A8972 /* sample_drum_one_Edited.wav in Resources */ = {isa = PBXBuildFile; fileRef = 2B781367272AAB40002A8972 /* sample_drum_one_Edited.wav */; };
		2B81F680272B2BD70081BCB6 /* PlaySampleDrumsGroup.swift in Sources */ = {isa = PBXBuildFile; fileRef = 2B81F67F272B2BD70081BCB6 /* PlaySampleDrumsGroup.swift */; };
		2B81F683272B2DBF0081BCB6 /* sample_drum_three.wav in Resources */ = {isa = PBXBuildFile; fileRef = 2B81F681272B2DBF0081BCB6 /* sample_drum_three.wav */; };
		2B81F684272B2DBF0081BCB6 /* sample_drum_two.wav in Resources */ = {isa = PBXBuildFile; fileRef = 2B81F682272B2DBF0081BCB6 /* sample_drum_two.wav */; };
		2B81F686272B2E770081BCB6 /* PlaySampleBassGroup.swift in Sources */ = {isa = PBXBuildFile; fileRef = 2B81F685272B2E770081BCB6 /* PlaySampleBassGroup.swift */; };
		2B81F68A272BC0460081BCB6 /* sample_drum_110_8_three.wav in Resources */ = {isa = PBXBuildFile; fileRef = 2B81F687272BC0460081BCB6 /* sample_drum_110_8_three.wav */; };
		2B81F68B272BC0460081BCB6 /* sample_drum_110_8_two.wav in Resources */ = {isa = PBXBuildFile; fileRef = 2B81F688272BC0460081BCB6 /* sample_drum_110_8_two.wav */; };
		2B81F68C272BC0460081BCB6 /* sample_drum_110_8_one.wav in Resources */ = {isa = PBXBuildFile; fileRef = 2B81F689272BC0460081BCB6 /* sample_drum_110_8_one.wav */; };
		2B81F690272BC1BD0081BCB6 /* sample_bass_110_8_two.wav in Resources */ = {isa = PBXBuildFile; fileRef = 2B81F68D272BC1BC0081BCB6 /* sample_bass_110_8_two.wav */; };
		2B81F691272BC1BD0081BCB6 /* sample_bass_110_8_one.wav in Resources */ = {isa = PBXBuildFile; fileRef = 2B81F68E272BC1BC0081BCB6 /* sample_bass_110_8_one.wav */; };
		2B81F692272BC1BD0081BCB6 /* sample_bass_110_8_three.wav in Resources */ = {isa = PBXBuildFile; fileRef = 2B81F68F272BC1BD0081BCB6 /* sample_bass_110_8_three.wav */; };
		2B81F695272BC73E0081BCB6 /* AudioKit in Frameworks */ = {isa = PBXBuildFile; productRef = 2B81F694272BC73E0081BCB6 /* AudioKit */; };
		2B81F698272BF5640081BCB6 /* VolumeSlider.swift in Sources */ = {isa = PBXBuildFile; fileRef = 2B81F697272BF5640081BCB6 /* VolumeSlider.swift */; };
		2B89FF842741A51A008450BE /* Track_Thirteen_PlugIn_One.swift in Sources */ = {isa = PBXBuildFile; fileRef = 2B89FF832741A51A008450BE /* Track_Thirteen_PlugIn_One.swift */; };
		2B89FF8A2741A74B008450BE /* Track_Fourteen_PlugIn_Two.swift in Sources */ = {isa = PBXBuildFile; fileRef = 2B89FF892741A74B008450BE /* Track_Fourteen_PlugIn_Two.swift */; };
		2B89FF902741A7AC008450BE /* Track_Fifteen_PlugIn_Three.swift in Sources */ = {isa = PBXBuildFile; fileRef = 2B89FF8F2741A7AC008450BE /* Track_Fifteen_PlugIn_Three.swift */; };
		2B9DA5FC272C6C250085365C /* SliderView_PlayButton.swift in Sources */ = {isa = PBXBuildFile; fileRef = 2B9DA5FB272C6C250085365C /* SliderView_PlayButton.swift */; };
		2BBD242427385D10003FC4B2 /* RecordingLogic.swift in Sources */ = {isa = PBXBuildFile; fileRef = 2BBD242327385D10003FC4B2 /* RecordingLogic.swift */; };
		2BBD242627385F80003FC4B2 /* SampleRecordView.swift in Sources */ = {isa = PBXBuildFile; fileRef = 2BBD242527385F80003FC4B2 /* SampleRecordView.swift */; };
		2BBF1B34274DACCC00CB645E /* bass_#A3.mp3 in Resources */ = {isa = PBXBuildFile; fileRef = 2BBF1B32274DACCC00CB645E /* bass_#A3.mp3 */; };
		2BBF1B35274DACCC00CB645E /* bass_B3.mp3 in Resources */ = {isa = PBXBuildFile; fileRef = 2BBF1B33274DACCC00CB645E /* bass_B3.mp3 */; };
		2BC8725D272D8A4B00AD500A /* DelaySetting.swift in Sources */ = {isa = PBXBuildFile; fileRef = 2BC8725C272D8A4B00AD500A /* DelaySetting.swift */; };
		2BC87260272D8C5400AD500A /* SoundpipeAudioKit in Frameworks */ = {isa = PBXBuildFile; productRef = 2BC8725F272D8C5400AD500A /* SoundpipeAudioKit */; };
		2BCD2514275E865600ADE793 /* clap.mp3 in Resources */ = {isa = PBXBuildFile; fileRef = 2BCD2505275E865600ADE793 /* clap.mp3 */; };
		2BCD2516275E865600ADE793 /* Tom_Floor.mp3 in Resources */ = {isa = PBXBuildFile; fileRef = 2BCD2507275E865600ADE793 /* Tom_Floor.mp3 */; };
		2BCD2517275E865600ADE793 /* crash2.mp3 in Resources */ = {isa = PBXBuildFile; fileRef = 2BCD2508275E865600ADE793 /* crash2.mp3 */; };
		2BCD2518275E865600ADE793 /* Tom_Mid.mp3 in Resources */ = {isa = PBXBuildFile; fileRef = 2BCD2509275E865600ADE793 /* Tom_Mid.mp3 */; };
		2BCD2519275E865600ADE793 /* snare2.mp3 in Resources */ = {isa = PBXBuildFile; fileRef = 2BCD250A275E865600ADE793 /* snare2.mp3 */; };
		2BCD251A275E865600ADE793 /* snare.mp3 in Resources */ = {isa = PBXBuildFile; fileRef = 2BCD250B275E865600ADE793 /* snare.mp3 */; };
		2BCD251B275E865600ADE793 /* Latin3.mp3 in Resources */ = {isa = PBXBuildFile; fileRef = 2BCD250C275E865600ADE793 /* Latin3.mp3 */; };
		2BCD251C275E865600ADE793 /* BassKick2.mp3 in Resources */ = {isa = PBXBuildFile; fileRef = 2BCD250D275E865600ADE793 /* BassKick2.mp3 */; };
		2BCD251D275E865600ADE793 /* hihat.mp3 in Resources */ = {isa = PBXBuildFile; fileRef = 2BCD250E275E865600ADE793 /* hihat.mp3 */; };
		2BCD251E275E865600ADE793 /* sideStick.mp3 in Resources */ = {isa = PBXBuildFile; fileRef = 2BCD250F275E865600ADE793 /* sideStick.mp3 */; };
		2BCD251F275E865600ADE793 /* Latin1.mp3 in Resources */ = {isa = PBXBuildFile; fileRef = 2BCD2510275E865600ADE793 /* Latin1.mp3 */; };
		2BCD2520275E865600ADE793 /* Latin2.mp3 in Resources */ = {isa = PBXBuildFile; fileRef = 2BCD2511275E865600ADE793 /* Latin2.mp3 */; };
		2BCD2521275E865600ADE793 /* crash.mp3 in Resources */ = {isa = PBXBuildFile; fileRef = 2BCD2512275E865600ADE793 /* crash.mp3 */; };
		2BCD2522275E865600ADE793 /* kick.mp3 in Resources */ = {isa = PBXBuildFile; fileRef = 2BCD2513275E865600ADE793 /* kick.mp3 */; };
		2BCD2527275E941100ADE793 /* MovableButtonKick.swift in Sources */ = {isa = PBXBuildFile; fileRef = 2BCD2526275E941100ADE793 /* MovableButtonKick.swift */; };
		2BCD2529275E957500ADE793 /* MovableButtonBassKick.swift in Sources */ = {isa = PBXBuildFile; fileRef = 2BCD2528275E957500ADE793 /* MovableButtonBassKick.swift */; };
		2BCD252B275E959D00ADE793 /* MovableButtonSnare.swift in Sources */ = {isa = PBXBuildFile; fileRef = 2BCD252A275E959D00ADE793 /* MovableButtonSnare.swift */; };
		2BCD252D275E95F300ADE793 /* MovableButtonSnareTwo.swift in Sources */ = {isa = PBXBuildFile; fileRef = 2BCD252C275E95F300ADE793 /* MovableButtonSnareTwo.swift */; };
		2BCD252F275E963300ADE793 /* MovableButtonClap.swift in Sources */ = {isa = PBXBuildFile; fileRef = 2BCD252E275E963300ADE793 /* MovableButtonClap.swift */; };
		2BCD2531275E969000ADE793 /* MovableButtonSideStick.swift in Sources */ = {isa = PBXBuildFile; fileRef = 2BCD2530275E969000ADE793 /* MovableButtonSideStick.swift */; };
		2BCD2533275E96AD00ADE793 /* MovableButtonHITOM.swift in Sources */ = {isa = PBXBuildFile; fileRef = 2BCD2532275E96AD00ADE793 /* MovableButtonHITOM.swift */; };
		2BCD2535275E96DC00ADE793 /* MovableButtonFloorTom.swift in Sources */ = {isa = PBXBuildFile; fileRef = 2BCD2534275E96DC00ADE793 /* MovableButtonFloorTom.swift */; };
		2BCD2537275E970900ADE793 /* MovableButtonHihat.swift in Sources */ = {isa = PBXBuildFile; fileRef = 2BCD2536275E970900ADE793 /* MovableButtonHihat.swift */; };
		2BCD2539275E971F00ADE793 /* MovableButtonCrash.swift in Sources */ = {isa = PBXBuildFile; fileRef = 2BCD2538275E971F00ADE793 /* MovableButtonCrash.swift */; };
		2BCD253B275E972C00ADE793 /* MovableButtonCrashTwo.swift in Sources */ = {isa = PBXBuildFile; fileRef = 2BCD253A275E972C00ADE793 /* MovableButtonCrashTwo.swift */; };
		2BCD253D275E9A1700ADE793 /* MovableButtonLatin.swift in Sources */ = {isa = PBXBuildFile; fileRef = 2BCD253C275E9A1700ADE793 /* MovableButtonLatin.swift */; };
		2BDB9E8F272EDC1E00BADB99 /* ReverbPicker.swift in Sources */ = {isa = PBXBuildFile; fileRef = 2BDB9E8E272EDC1E00BADB99 /* ReverbPicker.swift */; };
		2BDB9E912730759C00BADB99 /* Old Dark Ages.mp3 in Resources */ = {isa = PBXBuildFile; fileRef = 2BDB9E902730759C00BADB99 /* Old Dark Ages.mp3 */; };
		2BF6F8BA2736CED100FA1C26 /* FileManageLogic.swift in Sources */ = {isa = PBXBuildFile; fileRef = 2BF6F8B92736CED100FA1C26 /* FileManageLogic.swift */; };
		2BF6F8E92736E93000FA1C26 /* PlayYourCreationView.swift in Sources */ = {isa = PBXBuildFile; fileRef = 2BF6F8E82736E93000FA1C26 /* PlayYourCreationView.swift */; };
/* End PBXBuildFile section */

/* Begin PBXFileReference section */
		2B38A3372737F4820041B1EC /* PodKeyBoard.swift */ = {isa = PBXFileReference; lastKnownFileType = sourcecode.swift; path = PodKeyBoard.swift; sourceTree = "<group>"; };
		2B38A33D27382CD80041B1EC /* Piano_E3.mp3 */ = {isa = PBXFileReference; lastKnownFileType = audio.mp3; path = Piano_E3.mp3; sourceTree = "<group>"; };
		2B38A33E27382CD90041B1EC /* Piano_#C3.mp3 */ = {isa = PBXFileReference; lastKnownFileType = audio.mp3; path = "Piano_#C3.mp3"; sourceTree = "<group>"; };
		2B38A33F27382CD90041B1EC /* Piano_F3.mp3 */ = {isa = PBXFileReference; lastKnownFileType = audio.mp3; path = Piano_F3.mp3; sourceTree = "<group>"; };
		2B38A34027382CD90041B1EC /* Piano_#G3.mp3 */ = {isa = PBXFileReference; lastKnownFileType = audio.mp3; path = "Piano_#G3.mp3"; sourceTree = "<group>"; };
		2B38A34127382CD90041B1EC /* Piano_C3.mp3 */ = {isa = PBXFileReference; lastKnownFileType = audio.mp3; path = Piano_C3.mp3; sourceTree = "<group>"; };
		2B38A34227382CD90041B1EC /* Piano_#A3.mp3 */ = {isa = PBXFileReference; lastKnownFileType = audio.mp3; path = "Piano_#A3.mp3"; sourceTree = "<group>"; };
		2B38A34327382CD90041B1EC /* Piano_G3.mp3 */ = {isa = PBXFileReference; lastKnownFileType = audio.mp3; path = Piano_G3.mp3; sourceTree = "<group>"; };
		2B38A34427382CD90041B1EC /* Piano_#D3.mp3 */ = {isa = PBXFileReference; lastKnownFileType = audio.mp3; path = "Piano_#D3.mp3"; sourceTree = "<group>"; };
		2B38A34527382CD90041B1EC /* Piano_#F3.mp3 */ = {isa = PBXFileReference; lastKnownFileType = audio.mp3; path = "Piano_#F3.mp3"; sourceTree = "<group>"; };
		2B38A34627382CD90041B1EC /* Piano_A3.mp3 */ = {isa = PBXFileReference; lastKnownFileType = audio.mp3; path = Piano_A3.mp3; sourceTree = "<group>"; };
		2B38A34827382CD90041B1EC /* Piano_D3.mp3 */ = {isa = PBXFileReference; lastKnownFileType = audio.mp3; path = Piano_D3.mp3; sourceTree = "<group>"; };
		2B38A35627382CF30041B1EC /* BackgroundSound_B5.mp3 */ = {isa = PBXFileReference; lastKnownFileType = audio.mp3; path = BackgroundSound_B5.mp3; sourceTree = "<group>"; };
		2B38A35727382CF30041B1EC /* BackgroundSound_#G5.mp3 */ = {isa = PBXFileReference; lastKnownFileType = audio.mp3; path = "BackgroundSound_#G5.mp3"; sourceTree = "<group>"; };
		2B38A35827382CF30041B1EC /* BackgroundSound_D5.mp3 */ = {isa = PBXFileReference; lastKnownFileType = audio.mp3; path = BackgroundSound_D5.mp3; sourceTree = "<group>"; };
		2B38A35927382CF40041B1EC /* BackgroundSound_G5.mp3 */ = {isa = PBXFileReference; lastKnownFileType = audio.mp3; path = BackgroundSound_G5.mp3; sourceTree = "<group>"; };
		2B38A35A27382CF40041B1EC /* BackgroundSound_#A5.mp3 */ = {isa = PBXFileReference; lastKnownFileType = audio.mp3; path = "BackgroundSound_#A5.mp3"; sourceTree = "<group>"; };
		2B38A35B27382CF40041B1EC /* BackgroundSound_C5.mp3 */ = {isa = PBXFileReference; lastKnownFileType = audio.mp3; path = BackgroundSound_C5.mp3; sourceTree = "<group>"; };
		2B38A35D27382CF40041B1EC /* BackgroundSound_E5.mp3 */ = {isa = PBXFileReference; lastKnownFileType = audio.mp3; path = BackgroundSound_E5.mp3; sourceTree = "<group>"; };
		2B38A35E27382CF40041B1EC /* BackgroundSound_#D5.mp3 */ = {isa = PBXFileReference; lastKnownFileType = audio.mp3; path = "BackgroundSound_#D5.mp3"; sourceTree = "<group>"; };
		2B38A36027382CF40041B1EC /* BackgroundSound_A5.mp3 */ = {isa = PBXFileReference; lastKnownFileType = audio.mp3; path = BackgroundSound_A5.mp3; sourceTree = "<group>"; };
		2B38A36127382CF40041B1EC /* BackgroundSound_#F5.mp3 */ = {isa = PBXFileReference; lastKnownFileType = audio.mp3; path = "BackgroundSound_#F5.mp3"; sourceTree = "<group>"; };
		2B38A36227382CF40041B1EC /* BackgroundSound_#C5.mp3 */ = {isa = PBXFileReference; lastKnownFileType = audio.mp3; path = "BackgroundSound_#C5.mp3"; sourceTree = "<group>"; };
		2B38A36327382CF40041B1EC /* BackgroundSound_F5.mp3 */ = {isa = PBXFileReference; lastKnownFileType = audio.mp3; path = BackgroundSound_F5.mp3; sourceTree = "<group>"; };
		2B38A37327382D550041B1EC /* bass_F3.mp3 */ = {isa = PBXFileReference; lastKnownFileType = audio.mp3; path = bass_F3.mp3; sourceTree = "<group>"; };
		2B38A37427382D550041B1EC /* bass_D3.mp3 */ = {isa = PBXFileReference; lastKnownFileType = audio.mp3; path = bass_D3.mp3; sourceTree = "<group>"; };
		2B38A37527382D550041B1EC /* bass_#C3.mp3 */ = {isa = PBXFileReference; lastKnownFileType = audio.mp3; path = "bass_#C3.mp3"; sourceTree = "<group>"; };
		2B38A37627382D550041B1EC /* bass_#F3.mp3 */ = {isa = PBXFileReference; lastKnownFileType = audio.mp3; path = "bass_#F3.mp3"; sourceTree = "<group>"; };
		2B38A37727382D550041B1EC /* bass_#D3.mp3 */ = {isa = PBXFileReference; lastKnownFileType = audio.mp3; path = "bass_#D3.mp3"; sourceTree = "<group>"; };
		2B38A37827382D550041B1EC /* bass_E3.mp3 */ = {isa = PBXFileReference; lastKnownFileType = audio.mp3; path = bass_E3.mp3; sourceTree = "<group>"; };
		2B38A37927382D550041B1EC /* bass_A3.mp3 */ = {isa = PBXFileReference; lastKnownFileType = audio.mp3; path = bass_A3.mp3; sourceTree = "<group>"; };
		2B38A37A27382D550041B1EC /* bass_C3.mp3 */ = {isa = PBXFileReference; lastKnownFileType = audio.mp3; path = bass_C3.mp3; sourceTree = "<group>"; };
		2B38A37B27382D550041B1EC /* bass_G3.mp3 */ = {isa = PBXFileReference; lastKnownFileType = audio.mp3; path = bass_G3.mp3; sourceTree = "<group>"; };
		2B38A37C27382D550041B1EC /* bass_#G3.mp3 */ = {isa = PBXFileReference; lastKnownFileType = audio.mp3; path = "bass_#G3.mp3"; sourceTree = "<group>"; };
		2B38A38727382E1A0041B1EC /* Piano_B3.mp3 */ = {isa = PBXFileReference; lastKnownFileType = audio.mp3; path = Piano_B3.mp3; sourceTree = "<group>"; };
		2B588D3D276012B700C75FA7 /* Info.plist */ = {isa = PBXFileReference; lastKnownFileType = text.plist.xml; path = Info.plist; sourceTree = "<group>"; };
		2B5A795E27341B01000C5437 /* SoundCardPlugIn.swift */ = {isa = PBXFileReference; lastKnownFileType = sourcecode.swift; path = SoundCardPlugIn.swift; sourceTree = "<group>"; };
		2B5A796027341B6B000C5437 /* SoundCardPlugInLogic.swift */ = {isa = PBXFileReference; lastKnownFileType = sourcecode.swift; path = SoundCardPlugInLogic.swift; sourceTree = "<group>"; };
		2B5A79642734233B000C5437 /* SoundCardPlugInView.swift */ = {isa = PBXFileReference; lastKnownFileType = sourcecode.swift; path = SoundCardPlugInView.swift; sourceTree = "<group>"; };
		2B5A7966273426A1000C5437 /* PlugInView.swift */ = {isa = PBXFileReference; lastKnownFileType = sourcecode.swift; path = PlugInView.swift; sourceTree = "<group>"; };
		2B5A7969273580E9000C5437 /* SoundCardPlugInControl.swift */ = {isa = PBXFileReference; lastKnownFileType = sourcecode.swift; path = SoundCardPlugInControl.swift; sourceTree = "<group>"; };
		2B5A79922735B04A000C5437 /* PlaySampleStringsGroup.swift */ = {isa = PBXFileReference; lastKnownFileType = sourcecode.swift; path = PlaySampleStringsGroup.swift; sourceTree = "<group>"; };
		2B5A79942735B08A000C5437 /* PlaySamplePianoGroup.swift */ = {isa = PBXFileReference; lastKnownFileType = sourcecode.swift; path = PlaySamplePianoGroup.swift; sourceTree = "<group>"; };
		2B5A79962735B2BB000C5437 /* UITools.swift */ = {isa = PBXFileReference; lastKnownFileType = sourcecode.swift; path = UITools.swift; sourceTree = "<group>"; };
		2B5A7998273667AC000C5437 /* TimeCountLogic.swift */ = {isa = PBXFileReference; lastKnownFileType = sourcecode.swift; path = TimeCountLogic.swift; sourceTree = "<group>"; };
		2B5A799A27366BBB000C5437 /* dangDangDang.m4a */ = {isa = PBXFileReference; lastKnownFileType = file; path = dangDangDang.m4a; sourceTree = "<group>"; };
		2B5A799C27366E31000C5437 /* DangDangDangView.swift */ = {isa = PBXFileReference; lastKnownFileType = sourcecode.swift; path = DangDangDangView.swift; sourceTree = "<group>"; };
		2B6D9E372739AF7700273A83 /* SavedFileNames.swift */ = {isa = PBXFileReference; lastKnownFileType = sourcecode.swift; path = SavedFileNames.swift; sourceTree = "<group>"; };
		2B6D9E3B273AE2B800273A83 /* PlayCreationsModel.swift */ = {isa = PBXFileReference; lastKnownFileType = sourcecode.swift; path = PlayCreationsModel.swift; sourceTree = "<group>"; };
		2B6D9E3E273AF34A00273A83 /* GetSystemPathWay.swift */ = {isa = PBXFileReference; lastKnownFileType = sourcecode.swift; path = GetSystemPathWay.swift; sourceTree = "<group>"; };
		2B72799D27311D2A008047DA /* salt_one.wav */ = {isa = PBXFileReference; lastKnownFileType = audio.wav; path = salt_one.wav; sourceTree = "<group>"; };
		2B72799E27311D2A008047DA /* salt_two.wav */ = {isa = PBXFileReference; lastKnownFileType = audio.wav; path = salt_two.wav; sourceTree = "<group>"; };
		2B7279A12731256F008047DA /* ConvolutionSlider.swift */ = {isa = PBXFileReference; lastKnownFileType = sourcecode.swift; path = ConvolutionSlider.swift; sourceTree = "<group>"; };
		2B7804F5273C373700E18FA2 /* TrackPlayControl_MODEL.swift */ = {isa = PBXFileReference; lastKnownFileType = sourcecode.swift; path = TrackPlayControl_MODEL.swift; sourceTree = "<group>"; };
		2B7804FD273C495800E18FA2 /* Track_One.swift */ = {isa = PBXFileReference; lastKnownFileType = sourcecode.swift; path = Track_One.swift; sourceTree = "<group>"; };
		2B7804FF273C49AE00E18FA2 /* Track_Two.swift */ = {isa = PBXFileReference; lastKnownFileType = sourcecode.swift; path = Track_Two.swift; sourceTree = "<group>"; };
		2B780501273C4BA000E18FA2 /* Track_Three.swift */ = {isa = PBXFileReference; lastKnownFileType = sourcecode.swift; path = Track_Three.swift; sourceTree = "<group>"; };
		2B780503273C690B00E18FA2 /* Track_Four.swift */ = {isa = PBXFileReference; lastKnownFileType = sourcecode.swift; path = Track_Four.swift; sourceTree = "<group>"; };
		2B780505273C698000E18FA2 /* Track_Five.swift */ = {isa = PBXFileReference; lastKnownFileType = sourcecode.swift; path = Track_Five.swift; sourceTree = "<group>"; };
		2B780507273C69D000E18FA2 /* Track_Six.swift */ = {isa = PBXFileReference; lastKnownFileType = sourcecode.swift; path = Track_Six.swift; sourceTree = "<group>"; };
		2B780509273C6AA000E18FA2 /* Track_Seven.swift */ = {isa = PBXFileReference; lastKnownFileType = sourcecode.swift; path = Track_Seven.swift; sourceTree = "<group>"; };
		2B78050B273C6ADC00E18FA2 /* Track_Eight.swift */ = {isa = PBXFileReference; lastKnownFileType = sourcecode.swift; path = Track_Eight.swift; sourceTree = "<group>"; };
		2B78050D273C6B2D00E18FA2 /* Track_Nine.swift */ = {isa = PBXFileReference; lastKnownFileType = sourcecode.swift; path = Track_Nine.swift; sourceTree = "<group>"; };
		2B78050F273C6B8D00E18FA2 /* Track_Ten.swift */ = {isa = PBXFileReference; lastKnownFileType = sourcecode.swift; path = Track_Ten.swift; sourceTree = "<group>"; };
		2B780511273C6BDF00E18FA2 /* Track_Eleven.swift */ = {isa = PBXFileReference; lastKnownFileType = sourcecode.swift; path = Track_Eleven.swift; sourceTree = "<group>"; };
		2B780513273C6C2D00E18FA2 /* Track_Twelve.swift */ = {isa = PBXFileReference; lastKnownFileType = sourcecode.swift; path = Track_Twelve.swift; sourceTree = "<group>"; };
		2B780515273C737400E18FA2 /* ButtonViewStyle.swift */ = {isa = PBXFileReference; lastKnownFileType = sourcecode.swift; path = ButtonViewStyle.swift; sourceTree = "<group>"; };
		2B780518273D1E4500E18FA2 /* PlaySampleGuitarGroup.swift */ = {isa = PBXFileReference; lastKnownFileType = sourcecode.swift; path = PlaySampleGuitarGroup.swift; sourceTree = "<group>"; };
		2B78051C273EE9B800E18FA2 /* MovableButtonC.swift */ = {isa = PBXFileReference; lastKnownFileType = sourcecode.swift; path = MovableButtonC.swift; sourceTree = "<group>"; };
		2B78051E273EED7E00E18FA2 /* MovableButtonPlusC.swift */ = {isa = PBXFileReference; lastKnownFileType = sourcecode.swift; path = MovableButtonPlusC.swift; sourceTree = "<group>"; };
		2B780520273EEE5A00E18FA2 /* MovableButtonD.swift */ = {isa = PBXFileReference; lastKnownFileType = sourcecode.swift; path = MovableButtonD.swift; sourceTree = "<group>"; };
		2B780522273EEE6100E18FA2 /* MovableButtonPlusD.swift */ = {isa = PBXFileReference; lastKnownFileType = sourcecode.swift; path = MovableButtonPlusD.swift; sourceTree = "<group>"; };
		2B780524273EEE6800E18FA2 /* MovableButtonE.swift */ = {isa = PBXFileReference; lastKnownFileType = sourcecode.swift; path = MovableButtonE.swift; sourceTree = "<group>"; };
		2B780526273EEE6E00E18FA2 /* MovableButtonF.swift */ = {isa = PBXFileReference; lastKnownFileType = sourcecode.swift; path = MovableButtonF.swift; sourceTree = "<group>"; };
		2B780528273EEE7A00E18FA2 /* MovableButtonPlusF.swift */ = {isa = PBXFileReference; lastKnownFileType = sourcecode.swift; path = MovableButtonPlusF.swift; sourceTree = "<group>"; };
		2B78052A273EEE8100E18FA2 /* MovableButtonG.swift */ = {isa = PBXFileReference; lastKnownFileType = sourcecode.swift; path = MovableButtonG.swift; sourceTree = "<group>"; };
		2B78052C273EEE8900E18FA2 /* MovableButtonPlusG.swift */ = {isa = PBXFileReference; lastKnownFileType = sourcecode.swift; path = MovableButtonPlusG.swift; sourceTree = "<group>"; };
		2B78052E273EEE9100E18FA2 /* MovableButtonA.swift */ = {isa = PBXFileReference; lastKnownFileType = sourcecode.swift; path = MovableButtonA.swift; sourceTree = "<group>"; };
		2B780530273EEEB100E18FA2 /* MovableButtonPlusA.swift */ = {isa = PBXFileReference; lastKnownFileType = sourcecode.swift; path = MovableButtonPlusA.swift; sourceTree = "<group>"; };
		2B780532273EEEBA00E18FA2 /* MovableButtonB.swift */ = {isa = PBXFileReference; lastKnownFileType = sourcecode.swift; path = MovableButtonB.swift; sourceTree = "<group>"; };
		2B78134C272A8A68002A8972 /* HandyBand.app */ = {isa = PBXFileReference; explicitFileType = wrapper.application; includeInIndex = 0; path = HandyBand.app; sourceTree = BUILT_PRODUCTS_DIR; };
		2B78134F272A8A68002A8972 /* LoopPlayerApp.swift */ = {isa = PBXFileReference; lastKnownFileType = sourcecode.swift; path = LoopPlayerApp.swift; sourceTree = "<group>"; };
		2B781351272A8A68002A8972 /* ContentView.swift */ = {isa = PBXFileReference; lastKnownFileType = sourcecode.swift; path = ContentView.swift; sourceTree = "<group>"; };
		2B781353272A8A6A002A8972 /* Assets.xcassets */ = {isa = PBXFileReference; lastKnownFileType = folder.assetcatalog; path = Assets.xcassets; sourceTree = "<group>"; };
		2B781356272A8A6A002A8972 /* Preview Assets.xcassets */ = {isa = PBXFileReference; lastKnownFileType = folder.assetcatalog; path = "Preview Assets.xcassets"; sourceTree = "<group>"; };
		2B78135D272A8B0B002A8972 /* button_sample_play.swift */ = {isa = PBXFileReference; lastKnownFileType = sourcecode.swift; path = button_sample_play.swift; sourceTree = "<group>"; };
		2B78135F272AA025002A8972 /* PlaySample.swift */ = {isa = PBXFileReference; lastKnownFileType = sourcecode.swift; path = PlaySample.swift; sourceTree = "<group>"; };
		2B781361272AA477002A8972 /* sample_drum_one.mp3 */ = {isa = PBXFileReference; lastKnownFileType = audio.mp3; path = sample_drum_one.mp3; sourceTree = "<group>"; };
		2B781367272AAB40002A8972 /* sample_drum_one_Edited.wav */ = {isa = PBXFileReference; lastKnownFileType = audio.wav; path = sample_drum_one_Edited.wav; sourceTree = "<group>"; };
		2B81F67F272B2BD70081BCB6 /* PlaySampleDrumsGroup.swift */ = {isa = PBXFileReference; lastKnownFileType = sourcecode.swift; path = PlaySampleDrumsGroup.swift; sourceTree = "<group>"; };
		2B81F681272B2DBF0081BCB6 /* sample_drum_three.wav */ = {isa = PBXFileReference; lastKnownFileType = audio.wav; path = sample_drum_three.wav; sourceTree = "<group>"; };
		2B81F682272B2DBF0081BCB6 /* sample_drum_two.wav */ = {isa = PBXFileReference; lastKnownFileType = audio.wav; path = sample_drum_two.wav; sourceTree = "<group>"; };
		2B81F685272B2E770081BCB6 /* PlaySampleBassGroup.swift */ = {isa = PBXFileReference; lastKnownFileType = sourcecode.swift; path = PlaySampleBassGroup.swift; sourceTree = "<group>"; };
		2B81F687272BC0460081BCB6 /* sample_drum_110_8_three.wav */ = {isa = PBXFileReference; lastKnownFileType = audio.wav; path = sample_drum_110_8_three.wav; sourceTree = "<group>"; };
		2B81F688272BC0460081BCB6 /* sample_drum_110_8_two.wav */ = {isa = PBXFileReference; lastKnownFileType = audio.wav; path = sample_drum_110_8_two.wav; sourceTree = "<group>"; };
		2B81F689272BC0460081BCB6 /* sample_drum_110_8_one.wav */ = {isa = PBXFileReference; lastKnownFileType = audio.wav; path = sample_drum_110_8_one.wav; sourceTree = "<group>"; };
		2B81F68D272BC1BC0081BCB6 /* sample_bass_110_8_two.wav */ = {isa = PBXFileReference; lastKnownFileType = audio.wav; path = sample_bass_110_8_two.wav; sourceTree = "<group>"; };
		2B81F68E272BC1BC0081BCB6 /* sample_bass_110_8_one.wav */ = {isa = PBXFileReference; lastKnownFileType = audio.wav; path = sample_bass_110_8_one.wav; sourceTree = "<group>"; };
		2B81F68F272BC1BD0081BCB6 /* sample_bass_110_8_three.wav */ = {isa = PBXFileReference; lastKnownFileType = audio.wav; path = sample_bass_110_8_three.wav; sourceTree = "<group>"; };
		2B81F697272BF5640081BCB6 /* VolumeSlider.swift */ = {isa = PBXFileReference; lastKnownFileType = sourcecode.swift; path = VolumeSlider.swift; sourceTree = "<group>"; };
		2B89FF832741A51A008450BE /* Track_Thirteen_PlugIn_One.swift */ = {isa = PBXFileReference; lastKnownFileType = sourcecode.swift; path = Track_Thirteen_PlugIn_One.swift; sourceTree = "<group>"; };
		2B89FF892741A74B008450BE /* Track_Fourteen_PlugIn_Two.swift */ = {isa = PBXFileReference; lastKnownFileType = sourcecode.swift; path = Track_Fourteen_PlugIn_Two.swift; sourceTree = "<group>"; };
		2B89FF8F2741A7AC008450BE /* Track_Fifteen_PlugIn_Three.swift */ = {isa = PBXFileReference; lastKnownFileType = sourcecode.swift; path = Track_Fifteen_PlugIn_Three.swift; sourceTree = "<group>"; };
		2B9DA5FB272C6C250085365C /* SliderView_PlayButton.swift */ = {isa = PBXFileReference; lastKnownFileType = sourcecode.swift; path = SliderView_PlayButton.swift; sourceTree = "<group>"; };
		2BBD242327385D10003FC4B2 /* RecordingLogic.swift */ = {isa = PBXFileReference; lastKnownFileType = sourcecode.swift; path = RecordingLogic.swift; sourceTree = "<group>"; };
		2BBD242527385F80003FC4B2 /* SampleRecordView.swift */ = {isa = PBXFileReference; lastKnownFileType = sourcecode.swift; path = SampleRecordView.swift; sourceTree = "<group>"; };
		2BBF1B30274DAA4C00CB645E /* CoreAudioKit.framework */ = {isa = PBXFileReference; lastKnownFileType = wrapper.framework; name = CoreAudioKit.framework; path = System/Library/Frameworks/CoreAudioKit.framework; sourceTree = SDKROOT; };
		2BBF1B32274DACCC00CB645E /* bass_#A3.mp3 */ = {isa = PBXFileReference; lastKnownFileType = audio.mp3; path = "bass_#A3.mp3"; sourceTree = "<group>"; };
		2BBF1B33274DACCC00CB645E /* bass_B3.mp3 */ = {isa = PBXFileReference; lastKnownFileType = audio.mp3; path = bass_B3.mp3; sourceTree = "<group>"; };
		2BC8725C272D8A4B00AD500A /* DelaySetting.swift */ = {isa = PBXFileReference; lastKnownFileType = sourcecode.swift; path = DelaySetting.swift; sourceTree = "<group>"; };
		2BCD2505275E865600ADE793 /* clap.mp3 */ = {isa = PBXFileReference; lastKnownFileType = audio.mp3; path = clap.mp3; sourceTree = "<group>"; };
		2BCD2507275E865600ADE793 /* Tom_Floor.mp3 */ = {isa = PBXFileReference; lastKnownFileType = audio.mp3; name = Tom_Floor.mp3; path = ../../../../../../../Documents/Samples/drums/Tom_Floor.mp3; sourceTree = "<group>"; };
		2BCD2508275E865600ADE793 /* crash2.mp3 */ = {isa = PBXFileReference; lastKnownFileType = audio.mp3; name = crash2.mp3; path = ../../../../../../../Documents/Samples/drums/crash2.mp3; sourceTree = "<group>"; };
		2BCD2509275E865600ADE793 /* Tom_Mid.mp3 */ = {isa = PBXFileReference; lastKnownFileType = audio.mp3; name = Tom_Mid.mp3; path = ../../../../../../../Documents/Samples/drums/Tom_Mid.mp3; sourceTree = "<group>"; };
		2BCD250A275E865600ADE793 /* snare2.mp3 */ = {isa = PBXFileReference; lastKnownFileType = audio.mp3; name = snare2.mp3; path = ../../../../../../../Documents/Samples/drums/snare2.mp3; sourceTree = "<group>"; };
		2BCD250B275E865600ADE793 /* snare.mp3 */ = {isa = PBXFileReference; lastKnownFileType = audio.mp3; path = snare.mp3; sourceTree = "<group>"; };
		2BCD250C275E865600ADE793 /* Latin3.mp3 */ = {isa = PBXFileReference; lastKnownFileType = audio.mp3; name = Latin3.mp3; path = ../../../../../../../Documents/Samples/drums/Latin3.mp3; sourceTree = "<group>"; };
		2BCD250D275E865600ADE793 /* BassKick2.mp3 */ = {isa = PBXFileReference; lastKnownFileType = audio.mp3; path = BassKick2.mp3; sourceTree = "<group>"; };
		2BCD250E275E865600ADE793 /* hihat.mp3 */ = {isa = PBXFileReference; lastKnownFileType = audio.mp3; path = hihat.mp3; sourceTree = "<group>"; };
		2BCD250F275E865600ADE793 /* sideStick.mp3 */ = {isa = PBXFileReference; lastKnownFileType = audio.mp3; path = sideStick.mp3; sourceTree = "<group>"; };
		2BCD2510275E865600ADE793 /* Latin1.mp3 */ = {isa = PBXFileReference; lastKnownFileType = audio.mp3; name = Latin1.mp3; path = ../../../../../../../Documents/Samples/drums/Latin1.mp3; sourceTree = "<group>"; };
		2BCD2511275E865600ADE793 /* Latin2.mp3 */ = {isa = PBXFileReference; lastKnownFileType = audio.mp3; name = Latin2.mp3; path = ../../../../../../../Documents/Samples/drums/Latin2.mp3; sourceTree = "<group>"; };
		2BCD2512275E865600ADE793 /* crash.mp3 */ = {isa = PBXFileReference; lastKnownFileType = audio.mp3; path = crash.mp3; sourceTree = "<group>"; };
		2BCD2513275E865600ADE793 /* kick.mp3 */ = {isa = PBXFileReference; lastKnownFileType = audio.mp3; path = kick.mp3; sourceTree = "<group>"; };
		2BCD2526275E941100ADE793 /* MovableButtonKick.swift */ = {isa = PBXFileReference; lastKnownFileType = sourcecode.swift; path = MovableButtonKick.swift; sourceTree = "<group>"; };
		2BCD2528275E957500ADE793 /* MovableButtonBassKick.swift */ = {isa = PBXFileReference; lastKnownFileType = sourcecode.swift; path = MovableButtonBassKick.swift; sourceTree = "<group>"; };
		2BCD252A275E959D00ADE793 /* MovableButtonSnare.swift */ = {isa = PBXFileReference; lastKnownFileType = sourcecode.swift; path = MovableButtonSnare.swift; sourceTree = "<group>"; };
		2BCD252C275E95F300ADE793 /* MovableButtonSnareTwo.swift */ = {isa = PBXFileReference; lastKnownFileType = sourcecode.swift; path = MovableButtonSnareTwo.swift; sourceTree = "<group>"; };
		2BCD252E275E963300ADE793 /* MovableButtonClap.swift */ = {isa = PBXFileReference; lastKnownFileType = sourcecode.swift; path = MovableButtonClap.swift; sourceTree = "<group>"; };
		2BCD2530275E969000ADE793 /* MovableButtonSideStick.swift */ = {isa = PBXFileReference; lastKnownFileType = sourcecode.swift; path = MovableButtonSideStick.swift; sourceTree = "<group>"; };
		2BCD2532275E96AD00ADE793 /* MovableButtonHITOM.swift */ = {isa = PBXFileReference; lastKnownFileType = sourcecode.swift; path = MovableButtonHITOM.swift; sourceTree = "<group>"; };
		2BCD2534275E96DC00ADE793 /* MovableButtonFloorTom.swift */ = {isa = PBXFileReference; lastKnownFileType = sourcecode.swift; path = MovableButtonFloorTom.swift; sourceTree = "<group>"; };
		2BCD2536275E970900ADE793 /* MovableButtonHihat.swift */ = {isa = PBXFileReference; lastKnownFileType = sourcecode.swift; path = MovableButtonHihat.swift; sourceTree = "<group>"; };
		2BCD2538275E971F00ADE793 /* MovableButtonCrash.swift */ = {isa = PBXFileReference; lastKnownFileType = sourcecode.swift; path = MovableButtonCrash.swift; sourceTree = "<group>"; };
		2BCD253A275E972C00ADE793 /* MovableButtonCrashTwo.swift */ = {isa = PBXFileReference; lastKnownFileType = sourcecode.swift; path = MovableButtonCrashTwo.swift; sourceTree = "<group>"; };
		2BCD253C275E9A1700ADE793 /* MovableButtonLatin.swift */ = {isa = PBXFileReference; lastKnownFileType = sourcecode.swift; path = MovableButtonLatin.swift; sourceTree = "<group>"; };
		2BDB9E8E272EDC1E00BADB99 /* ReverbPicker.swift */ = {isa = PBXFileReference; lastKnownFileType = sourcecode.swift; path = ReverbPicker.swift; sourceTree = "<group>"; };
		2BDB9E902730759C00BADB99 /* Old Dark Ages.mp3 */ = {isa = PBXFileReference; lastKnownFileType = audio.mp3; path = "Old Dark Ages.mp3"; sourceTree = "<group>"; };
		2BF6F8B92736CED100FA1C26 /* FileManageLogic.swift */ = {isa = PBXFileReference; lastKnownFileType = sourcecode.swift; path = FileManageLogic.swift; sourceTree = "<group>"; };
		2BF6F8E82736E93000FA1C26 /* PlayYourCreationView.swift */ = {isa = PBXFileReference; lastKnownFileType = sourcecode.swift; path = PlayYourCreationView.swift; sourceTree = "<group>"; };
/* End PBXFileReference section */

/* Begin PBXFrameworksBuildPhase section */
		2B781349272A8A68002A8972 /* Frameworks */ = {
			isa = PBXFrameworksBuildPhase;
			buildActionMask = 2147483647;
			files = (
				2BC87260272D8C5400AD500A /* SoundpipeAudioKit in Frameworks */,
				2B81F695272BC73E0081BCB6 /* AudioKit in Frameworks */,
			);
			runOnlyForDeploymentPostprocessing = 0;
		};
/* End PBXFrameworksBuildPhase section */

/* Begin PBXGroup section */
		2B38A33B27382CB60041B1EC /* Sample */ = {
			isa = PBXGroup;
			children = (
				2BCD24E8275E853200ADE793 /* Drum */,
				2B38A37227382D040041B1EC /* Bass */,
				2B38A35527382CE20041B1EC /* String */,
				2B38A33C27382CC20041B1EC /* Piano */,
				2B78051A273D33E600E18FA2 /* Test_sample */,
			);
			path = Sample;
			sourceTree = "<group>";
		};
		2B38A33C27382CC20041B1EC /* Piano */ = {
			isa = PBXGroup;
			children = (
				2B38A38727382E1A0041B1EC /* Piano_B3.mp3 */,
				2B38A34227382CD90041B1EC /* Piano_#A3.mp3 */,
				2B38A33E27382CD90041B1EC /* Piano_#C3.mp3 */,
				2B38A34427382CD90041B1EC /* Piano_#D3.mp3 */,
				2B38A34527382CD90041B1EC /* Piano_#F3.mp3 */,
				2B38A34027382CD90041B1EC /* Piano_#G3.mp3 */,
				2B38A34627382CD90041B1EC /* Piano_A3.mp3 */,
				2B38A34127382CD90041B1EC /* Piano_C3.mp3 */,
				2B38A34827382CD90041B1EC /* Piano_D3.mp3 */,
				2B38A33D27382CD80041B1EC /* Piano_E3.mp3 */,
				2B38A33F27382CD90041B1EC /* Piano_F3.mp3 */,
				2B38A34327382CD90041B1EC /* Piano_G3.mp3 */,
			);
			path = Piano;
			sourceTree = "<group>";
		};
		2B38A35527382CE20041B1EC /* String */ = {
			isa = PBXGroup;
			children = (
				2B38A35A27382CF40041B1EC /* BackgroundSound_#A5.mp3 */,
				2B38A36227382CF40041B1EC /* BackgroundSound_#C5.mp3 */,
				2B38A35E27382CF40041B1EC /* BackgroundSound_#D5.mp3 */,
				2B38A36127382CF40041B1EC /* BackgroundSound_#F5.mp3 */,
				2B38A35727382CF30041B1EC /* BackgroundSound_#G5.mp3 */,
				2B38A36027382CF40041B1EC /* BackgroundSound_A5.mp3 */,
				2B38A35627382CF30041B1EC /* BackgroundSound_B5.mp3 */,
				2B38A35B27382CF40041B1EC /* BackgroundSound_C5.mp3 */,
				2B38A35827382CF30041B1EC /* BackgroundSound_D5.mp3 */,
				2B38A35D27382CF40041B1EC /* BackgroundSound_E5.mp3 */,
				2B38A36327382CF40041B1EC /* BackgroundSound_F5.mp3 */,
				2B38A35927382CF40041B1EC /* BackgroundSound_G5.mp3 */,
			);
			path = String;
			sourceTree = "<group>";
		};
		2B38A37227382D040041B1EC /* Bass */ = {
			isa = PBXGroup;
			children = (
				2BBF1B32274DACCC00CB645E /* bass_#A3.mp3 */,
				2BBF1B33274DACCC00CB645E /* bass_B3.mp3 */,
				2B38A37527382D550041B1EC /* bass_#C3.mp3 */,
				2B38A37727382D550041B1EC /* bass_#D3.mp3 */,
				2B38A37627382D550041B1EC /* bass_#F3.mp3 */,
				2B38A37C27382D550041B1EC /* bass_#G3.mp3 */,
				2B38A37927382D550041B1EC /* bass_A3.mp3 */,
				2B38A37A27382D550041B1EC /* bass_C3.mp3 */,
				2B38A37427382D550041B1EC /* bass_D3.mp3 */,
				2B38A37827382D550041B1EC /* bass_E3.mp3 */,
				2B38A37327382D550041B1EC /* bass_F3.mp3 */,
				2B38A37B27382D550041B1EC /* bass_G3.mp3 */,
			);
			path = Bass;
			sourceTree = "<group>";
		};
		2B5A79592734196B000C5437 /* SingleButton */ = {
			isa = PBXGroup;
			children = (
				2BF6F8E82736E93000FA1C26 /* PlayYourCreationView.swift */,
				2B78135D272A8B0B002A8972 /* button_sample_play.swift */,
			);
			path = SingleButton;
			sourceTree = "<group>";
		};
		2B5A795A2734199E000C5437 /* InstrumentsGroup */ = {
			isa = PBXGroup;
			children = (
				2B780518273D1E4500E18FA2 /* PlaySampleGuitarGroup.swift */,
				2B81F685272B2E770081BCB6 /* PlaySampleBassGroup.swift */,
				2B81F67F272B2BD70081BCB6 /* PlaySampleDrumsGroup.swift */,
				2B5A79922735B04A000C5437 /* PlaySampleStringsGroup.swift */,
				2B5A79942735B08A000C5437 /* PlaySamplePianoGroup.swift */,
			);
			path = InstrumentsGroup;
			sourceTree = "<group>";
		};
		2B5A795B273419B9000C5437 /* Helper */ = {
			isa = PBXGroup;
			children = (
				2B38A3372737F4820041B1EC /* PodKeyBoard.swift */,
				2B81F697272BF5640081BCB6 /* VolumeSlider.swift */,
				2B9DA5FB272C6C250085365C /* SliderView_PlayButton.swift */,
				2B7279A12731256F008047DA /* ConvolutionSlider.swift */,
				2BDB9E8E272EDC1E00BADB99 /* ReverbPicker.swift */,
			);
			path = Helper;
			sourceTree = "<group>";
		};
		2B5A795C27341A1E000C5437 /* Logic_Model */ = {
			isa = PBXGroup;
			children = (
				2BBD242327385D10003FC4B2 /* RecordingLogic.swift */,
				2BF6F8B92736CED100FA1C26 /* FileManageLogic.swift */,
				2B5A7998273667AC000C5437 /* TimeCountLogic.swift */,
				2B5A796027341B6B000C5437 /* SoundCardPlugInLogic.swift */,
				2B78135F272AA025002A8972 /* PlaySample.swift */,
				2B6D9E362739AF4B00273A83 /* Pure Model */,
			);
			path = Logic_Model;
			sourceTree = "<group>";
		};
		2B5A795D27341A6A000C5437 /* UI_Design */ = {
			isa = PBXGroup;
			children = (
				2B780517273C737800E18FA2 /* Helper */,
				2B5A79642734233B000C5437 /* SoundCardPlugInView.swift */,
				2B5A79962735B2BB000C5437 /* UITools.swift */,
				2B5A799C27366E31000C5437 /* DangDangDangView.swift */,
				2B781351272A8A68002A8972 /* ContentView.swift */,
				2B5A7966273426A1000C5437 /* PlugInView.swift */,
				2B78134F272A8A68002A8972 /* LoopPlayerApp.swift */,
			);
			path = UI_Design;
			sourceTree = "<group>";
		};
		2B6D9E362739AF4B00273A83 /* Pure Model */ = {
			isa = PBXGroup;
			children = (
				2B6D9E3B273AE2B800273A83 /* PlayCreationsModel.swift */,
				2BC8725C272D8A4B00AD500A /* DelaySetting.swift */,
				2B6D9E372739AF7700273A83 /* SavedFileNames.swift */,
				2B6D9E3D273AF31A00273A83 /* Helper */,
			);
			path = "Pure Model";
			sourceTree = "<group>";
		};
		2B6D9E3D273AF31A00273A83 /* Helper */ = {
			isa = PBXGroup;
			children = (
				2B6D9E3E273AF34A00273A83 /* GetSystemPathWay.swift */,
			);
			path = Helper;
			sourceTree = "<group>";
		};
		2B7804F7273C488800E18FA2 /* TrackButtons */ = {
			isa = PBXGroup;
			children = (
				2B89FF822741A4F4008450BE /* Plug-in */,
				2B7804F5273C373700E18FA2 /* TrackPlayControl_MODEL.swift */,
				2B780501273C4BA000E18FA2 /* Track_Three.swift */,
				2B78050B273C6ADC00E18FA2 /* Track_Eight.swift */,
				2B78050D273C6B2D00E18FA2 /* Track_Nine.swift */,
				2B78050F273C6B8D00E18FA2 /* Track_Ten.swift */,
				2B780511273C6BDF00E18FA2 /* Track_Eleven.swift */,
				2B780513273C6C2D00E18FA2 /* Track_Twelve.swift */,
				2B780507273C69D000E18FA2 /* Track_Six.swift */,
				2B780505273C698000E18FA2 /* Track_Five.swift */,
				2B780503273C690B00E18FA2 /* Track_Four.swift */,
				2B7804FD273C495800E18FA2 /* Track_One.swift */,
				2B7804FF273C49AE00E18FA2 /* Track_Two.swift */,
				2B780509273C6AA000E18FA2 /* Track_Seven.swift */,
			);
			path = TrackButtons;
			sourceTree = "<group>";
		};
		2B780517273C737800E18FA2 /* Helper */ = {
			isa = PBXGroup;
			children = (
				2B780515273C737400E18FA2 /* ButtonViewStyle.swift */,
			);
			path = Helper;
			sourceTree = "<group>";
		};
		2B78051A273D33E600E18FA2 /* Test_sample */ = {
			isa = PBXGroup;
			children = (
				2B781367272AAB40002A8972 /* sample_drum_one_Edited.wav */,
				2B781361272AA477002A8972 /* sample_drum_one.mp3 */,
				2B81F681272B2DBF0081BCB6 /* sample_drum_three.wav */,
				2B81F682272B2DBF0081BCB6 /* sample_drum_two.wav */,
				2B81F689272BC0460081BCB6 /* sample_drum_110_8_one.wav */,
				2B81F687272BC0460081BCB6 /* sample_drum_110_8_three.wav */,
				2B81F688272BC0460081BCB6 /* sample_drum_110_8_two.wav */,
				2B81F68E272BC1BC0081BCB6 /* sample_bass_110_8_one.wav */,
				2B81F68D272BC1BC0081BCB6 /* sample_bass_110_8_two.wav */,
				2B81F68F272BC1BD0081BCB6 /* sample_bass_110_8_three.wav */,
				2BDB9E902730759C00BADB99 /* Old Dark Ages.mp3 */,
				2B72799D27311D2A008047DA /* salt_one.wav */,
				2B72799E27311D2A008047DA /* salt_two.wav */,
				2B5A799A27366BBB000C5437 /* dangDangDang.m4a */,
			);
			path = Test_sample;
			sourceTree = "<group>";
		};
		2B78051B273EE99C00E18FA2 /* KeyBoradMovableButton */ = {
			isa = PBXGroup;
			children = (
				2B78051C273EE9B800E18FA2 /* MovableButtonC.swift */,
				2B78051E273EED7E00E18FA2 /* MovableButtonPlusC.swift */,
				2B780520273EEE5A00E18FA2 /* MovableButtonD.swift */,
				2B780522273EEE6100E18FA2 /* MovableButtonPlusD.swift */,
				2B780524273EEE6800E18FA2 /* MovableButtonE.swift */,
				2B780526273EEE6E00E18FA2 /* MovableButtonF.swift */,
				2B780528273EEE7A00E18FA2 /* MovableButtonPlusF.swift */,
				2B78052A273EEE8100E18FA2 /* MovableButtonG.swift */,
				2B78052C273EEE8900E18FA2 /* MovableButtonPlusG.swift */,
				2B78052E273EEE9100E18FA2 /* MovableButtonA.swift */,
				2B780530273EEEB100E18FA2 /* MovableButtonPlusA.swift */,
				2B780532273EEEBA00E18FA2 /* MovableButtonB.swift */,
			);
			path = KeyBoradMovableButton;
			sourceTree = "<group>";
		};
		2B781343272A8A68002A8972 = {
			isa = PBXGroup;
			children = (
				2B78134E272A8A68002A8972 /* HandyBand */,
				2B78134D272A8A68002A8972 /* Products */,
				2BBF1B2F274DAA4C00CB645E /* Frameworks */,
			);
			sourceTree = "<group>";
		};
		2B78134D272A8A68002A8972 /* Products */ = {
			isa = PBXGroup;
			children = (
				2B78134C272A8A68002A8972 /* HandyBand.app */,
			);
			name = Products;
			sourceTree = "<group>";
		};
		2B78134E272A8A68002A8972 /* HandyBand */ = {
			isa = PBXGroup;
			children = (
				2B588D3D276012B700C75FA7 /* Info.plist */,
				2B5A795C27341A1E000C5437 /* Logic_Model */,
				2B81F696272BCE210081BCB6 /* Views */,
				2B5A795D27341A6A000C5437 /* UI_Design */,
				2B781353272A8A6A002A8972 /* Assets.xcassets */,
				2B38A33B27382CB60041B1EC /* Sample */,
				2B781355272A8A6A002A8972 /* Preview Content */,
			);
			path = HandyBand;
			sourceTree = "<group>";
		};
		2B781355272A8A6A002A8972 /* Preview Content */ = {
			isa = PBXGroup;
			children = (
				2B781356272A8A6A002A8972 /* Preview Assets.xcassets */,
			);
			path = "Preview Content";
			sourceTree = "<group>";
		};
		2B81F696272BCE210081BCB6 /* Views */ = {
			isa = PBXGroup;
			children = (
				2BCD2525275E93C300ADE793 /* DrumMovableButton */,
				2B78051B273EE99C00E18FA2 /* KeyBoradMovableButton */,
				2B7804F7273C488800E18FA2 /* TrackButtons */,
				2BBD242527385F80003FC4B2 /* SampleRecordView.swift */,
				2B5A7969273580E9000C5437 /* SoundCardPlugInControl.swift */,
				2B5A795E27341B01000C5437 /* SoundCardPlugIn.swift */,
				2B5A795B273419B9000C5437 /* Helper */,
				2B5A79592734196B000C5437 /* SingleButton */,
				2B5A795A2734199E000C5437 /* InstrumentsGroup */,
			);
			path = Views;
			sourceTree = "<group>";
		};
		2B89FF822741A4F4008450BE /* Plug-in */ = {
			isa = PBXGroup;
			children = (
				2B89FF832741A51A008450BE /* Track_Thirteen_PlugIn_One.swift */,
				2B89FF892741A74B008450BE /* Track_Fourteen_PlugIn_Two.swift */,
				2B89FF8F2741A7AC008450BE /* Track_Fifteen_PlugIn_Three.swift */,
			);
			path = "Plug-in";
			sourceTree = "<group>";
		};
		2BBF1B2F274DAA4C00CB645E /* Frameworks */ = {
			isa = PBXGroup;
			children = (
				2BBF1B30274DAA4C00CB645E /* CoreAudioKit.framework */,
			);
			name = Frameworks;
			sourceTree = "<group>";
		};
		2BCD24E8275E853200ADE793 /* Drum */ = {
			isa = PBXGroup;
			children = (
				2BCD250D275E865600ADE793 /* BassKick2.mp3 */,
				2BCD2505275E865600ADE793 /* clap.mp3 */,
				2BCD2512275E865600ADE793 /* crash.mp3 */,
				2BCD2508275E865600ADE793 /* crash2.mp3 */,
				2BCD250E275E865600ADE793 /* hihat.mp3 */,
				2BCD2513275E865600ADE793 /* kick.mp3 */,
				2BCD2510275E865600ADE793 /* Latin1.mp3 */,
				2BCD2511275E865600ADE793 /* Latin2.mp3 */,
				2BCD250C275E865600ADE793 /* Latin3.mp3 */,
				2BCD250F275E865600ADE793 /* sideStick.mp3 */,
				2BCD250B275E865600ADE793 /* snare.mp3 */,
				2BCD250A275E865600ADE793 /* snare2.mp3 */,
				2BCD2507275E865600ADE793 /* Tom_Floor.mp3 */,
				2BCD2509275E865600ADE793 /* Tom_Mid.mp3 */,
			);
			path = Drum;
			sourceTree = "<group>";
		};
		2BCD2525275E93C300ADE793 /* DrumMovableButton */ = {
			isa = PBXGroup;
			children = (
				2BCD2526275E941100ADE793 /* MovableButtonKick.swift */,
				2BCD2528275E957500ADE793 /* MovableButtonBassKick.swift */,
				2BCD252A275E959D00ADE793 /* MovableButtonSnare.swift */,
				2BCD252C275E95F300ADE793 /* MovableButtonSnareTwo.swift */,
				2BCD252E275E963300ADE793 /* MovableButtonClap.swift */,
				2BCD2530275E969000ADE793 /* MovableButtonSideStick.swift */,
				2BCD2532275E96AD00ADE793 /* MovableButtonHITOM.swift */,
				2BCD2534275E96DC00ADE793 /* MovableButtonFloorTom.swift */,
				2BCD2536275E970900ADE793 /* MovableButtonHihat.swift */,
				2BCD2538275E971F00ADE793 /* MovableButtonCrash.swift */,
				2BCD253A275E972C00ADE793 /* MovableButtonCrashTwo.swift */,
				2BCD253C275E9A1700ADE793 /* MovableButtonLatin.swift */,
			);
			path = DrumMovableButton;
			sourceTree = "<group>";
		};
/* End PBXGroup section */

/* Begin PBXNativeTarget section */
		2B78134B272A8A68002A8972 /* HandyBand */ = {
			isa = PBXNativeTarget;
			buildConfigurationList = 2B78135A272A8A6A002A8972 /* Build configuration list for PBXNativeTarget "HandyBand" */;
			buildPhases = (
				2B781348272A8A68002A8972 /* Sources */,
				2B781349272A8A68002A8972 /* Frameworks */,
				2B78134A272A8A68002A8972 /* Resources */,
			);
			buildRules = (
			);
			dependencies = (
			);
			name = HandyBand;
			packageProductDependencies = (
				2B81F694272BC73E0081BCB6 /* AudioKit */,
				2BC8725F272D8C5400AD500A /* SoundpipeAudioKit */,
			);
			productName = LoopPlayer;
			productReference = 2B78134C272A8A68002A8972 /* HandyBand.app */;
			productType = "com.apple.product-type.application";
		};
/* End PBXNativeTarget section */

/* Begin PBXProject section */
		2B781344272A8A68002A8972 /* Project object */ = {
			isa = PBXProject;
			attributes = {
				BuildIndependentTargetsInParallel = 1;
				LastSwiftUpdateCheck = 1300;
				LastUpgradeCheck = 1300;
				TargetAttributes = {
					2B78134B272A8A68002A8972 = {
						CreatedOnToolsVersion = 13.0;
					};
				};
			};
			buildConfigurationList = 2B781347272A8A68002A8972 /* Build configuration list for PBXProject "HandyBand" */;
			compatibilityVersion = "Xcode 13.0";
			developmentRegion = en;
			hasScannedForEncodings = 0;
			knownRegions = (
				en,
				Base,
			);
			mainGroup = 2B781343272A8A68002A8972;
			packageReferences = (
				2B81F693272BC73E0081BCB6 /* XCRemoteSwiftPackageReference "AudioKit" */,
				2BC8725E272D8C5400AD500A /* XCRemoteSwiftPackageReference "SoundpipeAudioKit" */,
			);
			productRefGroup = 2B78134D272A8A68002A8972 /* Products */;
			projectDirPath = "";
			projectRoot = "";
			targets = (
				2B78134B272A8A68002A8972 /* HandyBand */,
			);
		};
/* End PBXProject section */

/* Begin PBXResourcesBuildPhase section */
		2B78134A272A8A68002A8972 /* Resources */ = {
			isa = PBXResourcesBuildPhase;
			buildActionMask = 2147483647;
			files = (
				2BCD251C275E865600ADE793 /* BassKick2.mp3 in Resources */,
				2B38A34D27382CD90041B1EC /* Piano_C3.mp3 in Resources */,
				2B38A36C27382CF50041B1EC /* BackgroundSound_#D5.mp3 in Resources */,
				2B38A38127382D550041B1EC /* bass_#D3.mp3 in Resources */,
				2B38A34A27382CD90041B1EC /* Piano_#C3.mp3 in Resources */,
				2B81F692272BC1BD0081BCB6 /* sample_bass_110_8_three.wav in Resources */,
				2B38A38327382D550041B1EC /* bass_A3.mp3 in Resources */,
				2B38A35027382CD90041B1EC /* Piano_#D3.mp3 in Resources */,
				2B38A34C27382CD90041B1EC /* Piano_#G3.mp3 in Resources */,
				2B781357272A8A6A002A8972 /* Preview Assets.xcassets in Resources */,
				2B81F683272B2DBF0081BCB6 /* sample_drum_three.wav in Resources */,
				2BDB9E912730759C00BADB99 /* Old Dark Ages.mp3 in Resources */,
				2BCD251E275E865600ADE793 /* sideStick.mp3 in Resources */,
				2B781362272AA477002A8972 /* sample_drum_one.mp3 in Resources */,
				2B38A34F27382CD90041B1EC /* Piano_G3.mp3 in Resources */,
				2BCD2518275E865600ADE793 /* Tom_Mid.mp3 in Resources */,
				2BCD2522275E865600ADE793 /* kick.mp3 in Resources */,
				2B38A37F27382D550041B1EC /* bass_#C3.mp3 in Resources */,
				2B38A34927382CD90041B1EC /* Piano_E3.mp3 in Resources */,
				2B38A36827382CF50041B1EC /* BackgroundSound_#A5.mp3 in Resources */,
				2B781368272AAB40002A8972 /* sample_drum_one_Edited.wav in Resources */,
				2BCD251B275E865600ADE793 /* Latin3.mp3 in Resources */,
				2BCD251A275E865600ADE793 /* snare.mp3 in Resources */,
				2B38A38627382D550041B1EC /* bass_#G3.mp3 in Resources */,
				2B38A37D27382D550041B1EC /* bass_F3.mp3 in Resources */,
				2B81F690272BC1BD0081BCB6 /* sample_bass_110_8_two.wav in Resources */,
				2BCD251D275E865600ADE793 /* hihat.mp3 in Resources */,
				2B781354272A8A6A002A8972 /* Assets.xcassets in Resources */,
				2B38A36E27382CF50041B1EC /* BackgroundSound_A5.mp3 in Resources */,
				2B38A35227382CD90041B1EC /* Piano_A3.mp3 in Resources */,
				2B38A37E27382D550041B1EC /* bass_D3.mp3 in Resources */,
				2B38A35427382CD90041B1EC /* Piano_D3.mp3 in Resources */,
				2B38A37127382CF50041B1EC /* BackgroundSound_F5.mp3 in Resources */,
				2B38A38027382D550041B1EC /* bass_#F3.mp3 in Resources */,
				2BBF1B34274DACCC00CB645E /* bass_#A3.mp3 in Resources */,
				2B7279A027311D2A008047DA /* salt_two.wav in Resources */,
				2B81F68C272BC0460081BCB6 /* sample_drum_110_8_one.wav in Resources */,
				2B38A36427382CF50041B1EC /* BackgroundSound_B5.mp3 in Resources */,
				2BCD2519275E865600ADE793 /* snare2.mp3 in Resources */,
				2B81F68A272BC0460081BCB6 /* sample_drum_110_8_three.wav in Resources */,
				2B38A38827382E1A0041B1EC /* Piano_B3.mp3 in Resources */,
				2B38A36527382CF50041B1EC /* BackgroundSound_#G5.mp3 in Resources */,
				2BCD2521275E865600ADE793 /* crash.mp3 in Resources */,
				2BCD2517275E865600ADE793 /* crash2.mp3 in Resources */,
				2B38A38427382D550041B1EC /* bass_C3.mp3 in Resources */,
				2B81F691272BC1BD0081BCB6 /* sample_bass_110_8_one.wav in Resources */,
				2B81F684272B2DBF0081BCB6 /* sample_drum_two.wav in Resources */,
				2BBF1B35274DACCC00CB645E /* bass_B3.mp3 in Resources */,
				2B38A36F27382CF50041B1EC /* BackgroundSound_#F5.mp3 in Resources */,
				2B38A38227382D550041B1EC /* bass_E3.mp3 in Resources */,
				2BCD251F275E865600ADE793 /* Latin1.mp3 in Resources */,
				2BCD2514275E865600ADE793 /* clap.mp3 in Resources */,
				2B38A36727382CF50041B1EC /* BackgroundSound_G5.mp3 in Resources */,
				2B81F68B272BC0460081BCB6 /* sample_drum_110_8_two.wav in Resources */,
				2B38A36627382CF50041B1EC /* BackgroundSound_D5.mp3 in Resources */,
				2BCD2516275E865600ADE793 /* Tom_Floor.mp3 in Resources */,
				2B5A799B27366BBB000C5437 /* dangDangDang.m4a in Resources */,
				2B72799F27311D2A008047DA /* salt_one.wav in Resources */,
				2B38A36927382CF50041B1EC /* BackgroundSound_C5.mp3 in Resources */,
				2B38A35127382CD90041B1EC /* Piano_#F3.mp3 in Resources */,
				2BCD2520275E865600ADE793 /* Latin2.mp3 in Resources */,
				2B38A38527382D550041B1EC /* bass_G3.mp3 in Resources */,
				2B38A37027382CF50041B1EC /* BackgroundSound_#C5.mp3 in Resources */,
				2B38A34E27382CD90041B1EC /* Piano_#A3.mp3 in Resources */,
				2B38A36B27382CF50041B1EC /* BackgroundSound_E5.mp3 in Resources */,
				2B38A34B27382CD90041B1EC /* Piano_F3.mp3 in Resources */,
			);
			runOnlyForDeploymentPostprocessing = 0;
		};
/* End PBXResourcesBuildPhase section */

/* Begin PBXSourcesBuildPhase section */
		2B781348272A8A68002A8972 /* Sources */ = {
			isa = PBXSourcesBuildPhase;
			buildActionMask = 2147483647;
			files = (
				2BCD252B275E959D00ADE793 /* MovableButtonSnare.swift in Sources */,
				2B6D9E3C273AE2B800273A83 /* PlayCreationsModel.swift in Sources */,
				2B78050C273C6ADC00E18FA2 /* Track_Eight.swift in Sources */,
				2B781352272A8A68002A8972 /* ContentView.swift in Sources */,
				2B780533273EEEBA00E18FA2 /* MovableButtonB.swift in Sources */,
				2B78052D273EEE8900E18FA2 /* MovableButtonPlusG.swift in Sources */,
				2B5A7999273667AD000C5437 /* TimeCountLogic.swift in Sources */,
				2B89FF902741A7AC008450BE /* Track_Fifteen_PlugIn_Three.swift in Sources */,
				2BC8725D272D8A4B00AD500A /* DelaySetting.swift in Sources */,
				2BBD242627385F80003FC4B2 /* SampleRecordView.swift in Sources */,
				2B780514273C6C2D00E18FA2 /* Track_Twelve.swift in Sources */,
				2BCD252F275E963300ADE793 /* MovableButtonClap.swift in Sources */,
				2B780525273EEE6800E18FA2 /* MovableButtonE.swift in Sources */,
				2B780529273EEE7A00E18FA2 /* MovableButtonPlusF.swift in Sources */,
				2BCD2533275E96AD00ADE793 /* MovableButtonHITOM.swift in Sources */,
				2B5A79932735B04A000C5437 /* PlaySampleStringsGroup.swift in Sources */,
				2B89FF842741A51A008450BE /* Track_Thirteen_PlugIn_One.swift in Sources */,
				2B5A799D27366E31000C5437 /* DangDangDangView.swift in Sources */,
				2B780504273C690B00E18FA2 /* Track_Four.swift in Sources */,
				2BF6F8BA2736CED100FA1C26 /* FileManageLogic.swift in Sources */,
				2B6D9E3F273AF34A00273A83 /* GetSystemPathWay.swift in Sources */,
				2B89FF8A2741A74B008450BE /* Track_Fourteen_PlugIn_Two.swift in Sources */,
				2B6D9E382739AF7700273A83 /* SavedFileNames.swift in Sources */,
				2B780523273EEE6100E18FA2 /* MovableButtonPlusD.swift in Sources */,
				2BF6F8E92736E93000FA1C26 /* PlayYourCreationView.swift in Sources */,
				2BCD253B275E972C00ADE793 /* MovableButtonCrashTwo.swift in Sources */,
				2B780521273EEE5A00E18FA2 /* MovableButtonD.swift in Sources */,
				2B7279A22731256F008047DA /* ConvolutionSlider.swift in Sources */,
				2B780516273C737400E18FA2 /* ButtonViewStyle.swift in Sources */,
				2B5A79972735B2BB000C5437 /* UITools.swift in Sources */,
				2B780508273C69D000E18FA2 /* Track_Six.swift in Sources */,
				2B5A796127341B6C000C5437 /* SoundCardPlugInLogic.swift in Sources */,
				2B780506273C698000E18FA2 /* Track_Five.swift in Sources */,
				2B5A79952735B08A000C5437 /* PlaySamplePianoGroup.swift in Sources */,
				2B780512273C6BDF00E18FA2 /* Track_Eleven.swift in Sources */,
				2B78051F273EED7F00E18FA2 /* MovableButtonPlusC.swift in Sources */,
				2BCD2527275E941100ADE793 /* MovableButtonKick.swift in Sources */,
				2B780531273EEEB100E18FA2 /* MovableButtonPlusA.swift in Sources */,
				2B78052F273EEE9100E18FA2 /* MovableButtonA.swift in Sources */,
				2B81F698272BF5640081BCB6 /* VolumeSlider.swift in Sources */,
				2BCD2529275E957500ADE793 /* MovableButtonBassKick.swift in Sources */,
				2B78050A273C6AA000E18FA2 /* Track_Seven.swift in Sources */,
				2B780510273C6B8D00E18FA2 /* Track_Ten.swift in Sources */,
				2BDB9E8F272EDC1E00BADB99 /* ReverbPicker.swift in Sources */,
				2B78050E273C6B2D00E18FA2 /* Track_Nine.swift in Sources */,
				2B78052B273EEE8100E18FA2 /* MovableButtonG.swift in Sources */,
				2BCD2535275E96DC00ADE793 /* MovableButtonFloorTom.swift in Sources */,
				2B780527273EEE6E00E18FA2 /* MovableButtonF.swift in Sources */,
				2B78135E272A8B0B002A8972 /* button_sample_play.swift in Sources */,
				2BCD2531275E969000ADE793 /* MovableButtonSideStick.swift in Sources */,
				2B5A795F27341B01000C5437 /* SoundCardPlugIn.swift in Sources */,
				2B81F686272B2E770081BCB6 /* PlaySampleBassGroup.swift in Sources */,
				2B7804F6273C373700E18FA2 /* TrackPlayControl_MODEL.swift in Sources */,
				2BCD2539275E971F00ADE793 /* MovableButtonCrash.swift in Sources */,
				2B780519273D1E4500E18FA2 /* PlaySampleGuitarGroup.swift in Sources */,
				2BBD242427385D10003FC4B2 /* RecordingLogic.swift in Sources */,
				2B38A3382737F4820041B1EC /* PodKeyBoard.swift in Sources */,
				2B5A7967273426A1000C5437 /* PlugInView.swift in Sources */,
				2B780500273C49AE00E18FA2 /* Track_Two.swift in Sources */,
				2BCD2537275E970900ADE793 /* MovableButtonHihat.swift in Sources */,
				2B5A796A273580E9000C5437 /* SoundCardPlugInControl.swift in Sources */,
				2BCD253D275E9A1700ADE793 /* MovableButtonLatin.swift in Sources */,
				2B78051D273EE9B800E18FA2 /* MovableButtonC.swift in Sources */,
				2B7804FE273C495800E18FA2 /* Track_One.swift in Sources */,
				2B5A79652734233B000C5437 /* SoundCardPlugInView.swift in Sources */,
				2B781350272A8A68002A8972 /* LoopPlayerApp.swift in Sources */,
				2B9DA5FC272C6C250085365C /* SliderView_PlayButton.swift in Sources */,
				2BCD252D275E95F300ADE793 /* MovableButtonSnareTwo.swift in Sources */,
				2B781360272AA025002A8972 /* PlaySample.swift in Sources */,
				2B81F680272B2BD70081BCB6 /* PlaySampleDrumsGroup.swift in Sources */,
				2B780502273C4BA000E18FA2 /* Track_Three.swift in Sources */,
			);
			runOnlyForDeploymentPostprocessing = 0;
		};
/* End PBXSourcesBuildPhase section */

/* Begin XCBuildConfiguration section */
		2B781358272A8A6A002A8972 /* Debug */ = {
			isa = XCBuildConfiguration;
			buildSettings = {
				ALWAYS_SEARCH_USER_PATHS = NO;
				CLANG_ANALYZER_NONNULL = YES;
				CLANG_ANALYZER_NUMBER_OBJECT_CONVERSION = YES_AGGRESSIVE;
				CLANG_CXX_LANGUAGE_STANDARD = "gnu++17";
				CLANG_CXX_LIBRARY = "libc++";
				CLANG_ENABLE_MODULES = YES;
				CLANG_ENABLE_OBJC_ARC = YES;
				CLANG_ENABLE_OBJC_WEAK = YES;
				CLANG_WARN_BLOCK_CAPTURE_AUTORELEASING = YES;
				CLANG_WARN_BOOL_CONVERSION = YES;
				CLANG_WARN_COMMA = YES;
				CLANG_WARN_CONSTANT_CONVERSION = YES;
				CLANG_WARN_DEPRECATED_OBJC_IMPLEMENTATIONS = YES;
				CLANG_WARN_DIRECT_OBJC_ISA_USAGE = YES_ERROR;
				CLANG_WARN_DOCUMENTATION_COMMENTS = YES;
				CLANG_WARN_EMPTY_BODY = YES;
				CLANG_WARN_ENUM_CONVERSION = YES;
				CLANG_WARN_INFINITE_RECURSION = YES;
				CLANG_WARN_INT_CONVERSION = YES;
				CLANG_WARN_NON_LITERAL_NULL_CONVERSION = YES;
				CLANG_WARN_OBJC_IMPLICIT_RETAIN_SELF = YES;
				CLANG_WARN_OBJC_LITERAL_CONVERSION = YES;
				CLANG_WARN_OBJC_ROOT_CLASS = YES_ERROR;
				CLANG_WARN_QUOTED_INCLUDE_IN_FRAMEWORK_HEADER = YES;
				CLANG_WARN_RANGE_LOOP_ANALYSIS = YES;
				CLANG_WARN_STRICT_PROTOTYPES = YES;
				CLANG_WARN_SUSPICIOUS_MOVE = YES;
				CLANG_WARN_UNGUARDED_AVAILABILITY = YES_AGGRESSIVE;
				CLANG_WARN_UNREACHABLE_CODE = YES;
				CLANG_WARN__DUPLICATE_METHOD_MATCH = YES;
				COPY_PHASE_STRIP = NO;
				DEBUG_INFORMATION_FORMAT = dwarf;
				ENABLE_STRICT_OBJC_MSGSEND = YES;
				ENABLE_TESTABILITY = YES;
				GCC_C_LANGUAGE_STANDARD = gnu11;
				GCC_DYNAMIC_NO_PIC = NO;
				GCC_NO_COMMON_BLOCKS = YES;
				GCC_OPTIMIZATION_LEVEL = 0;
				GCC_PREPROCESSOR_DEFINITIONS = (
					"DEBUG=1",
					"$(inherited)",
				);
				GCC_WARN_64_TO_32_BIT_CONVERSION = YES;
				GCC_WARN_ABOUT_RETURN_TYPE = YES_ERROR;
				GCC_WARN_UNDECLARED_SELECTOR = YES;
				GCC_WARN_UNINITIALIZED_AUTOS = YES_AGGRESSIVE;
				GCC_WARN_UNUSED_FUNCTION = YES;
				GCC_WARN_UNUSED_VARIABLE = YES;
				IPHONEOS_DEPLOYMENT_TARGET = 15.0;
				MTL_ENABLE_DEBUG_INFO = INCLUDE_SOURCE;
				MTL_FAST_MATH = YES;
				ONLY_ACTIVE_ARCH = YES;
				SDKROOT = iphoneos;
				SWIFT_ACTIVE_COMPILATION_CONDITIONS = DEBUG;
				SWIFT_OPTIMIZATION_LEVEL = "-Onone";
				TARGETED_DEVICE_FAMILY = "1,2";
			};
			name = Debug;
		};
		2B781359272A8A6A002A8972 /* Release */ = {
			isa = XCBuildConfiguration;
			buildSettings = {
				ALWAYS_SEARCH_USER_PATHS = NO;
				CLANG_ANALYZER_NONNULL = YES;
				CLANG_ANALYZER_NUMBER_OBJECT_CONVERSION = YES_AGGRESSIVE;
				CLANG_CXX_LANGUAGE_STANDARD = "gnu++17";
				CLANG_CXX_LIBRARY = "libc++";
				CLANG_ENABLE_MODULES = YES;
				CLANG_ENABLE_OBJC_ARC = YES;
				CLANG_ENABLE_OBJC_WEAK = YES;
				CLANG_WARN_BLOCK_CAPTURE_AUTORELEASING = YES;
				CLANG_WARN_BOOL_CONVERSION = YES;
				CLANG_WARN_COMMA = YES;
				CLANG_WARN_CONSTANT_CONVERSION = YES;
				CLANG_WARN_DEPRECATED_OBJC_IMPLEMENTATIONS = YES;
				CLANG_WARN_DIRECT_OBJC_ISA_USAGE = YES_ERROR;
				CLANG_WARN_DOCUMENTATION_COMMENTS = YES;
				CLANG_WARN_EMPTY_BODY = YES;
				CLANG_WARN_ENUM_CONVERSION = YES;
				CLANG_WARN_INFINITE_RECURSION = YES;
				CLANG_WARN_INT_CONVERSION = YES;
				CLANG_WARN_NON_LITERAL_NULL_CONVERSION = YES;
				CLANG_WARN_OBJC_IMPLICIT_RETAIN_SELF = YES;
				CLANG_WARN_OBJC_LITERAL_CONVERSION = YES;
				CLANG_WARN_OBJC_ROOT_CLASS = YES_ERROR;
				CLANG_WARN_QUOTED_INCLUDE_IN_FRAMEWORK_HEADER = YES;
				CLANG_WARN_RANGE_LOOP_ANALYSIS = YES;
				CLANG_WARN_STRICT_PROTOTYPES = YES;
				CLANG_WARN_SUSPICIOUS_MOVE = YES;
				CLANG_WARN_UNGUARDED_AVAILABILITY = YES_AGGRESSIVE;
				CLANG_WARN_UNREACHABLE_CODE = YES;
				CLANG_WARN__DUPLICATE_METHOD_MATCH = YES;
				COPY_PHASE_STRIP = NO;
				DEBUG_INFORMATION_FORMAT = "dwarf-with-dsym";
				ENABLE_NS_ASSERTIONS = NO;
				ENABLE_STRICT_OBJC_MSGSEND = YES;
				GCC_C_LANGUAGE_STANDARD = gnu11;
				GCC_NO_COMMON_BLOCKS = YES;
				GCC_WARN_64_TO_32_BIT_CONVERSION = YES;
				GCC_WARN_ABOUT_RETURN_TYPE = YES_ERROR;
				GCC_WARN_UNDECLARED_SELECTOR = YES;
				GCC_WARN_UNINITIALIZED_AUTOS = YES_AGGRESSIVE;
				GCC_WARN_UNUSED_FUNCTION = YES;
				GCC_WARN_UNUSED_VARIABLE = YES;
				IPHONEOS_DEPLOYMENT_TARGET = 15.0;
				MTL_ENABLE_DEBUG_INFO = NO;
				MTL_FAST_MATH = YES;
				SDKROOT = iphoneos;
				SWIFT_COMPILATION_MODE = wholemodule;
				SWIFT_OPTIMIZATION_LEVEL = "-O";
				TARGETED_DEVICE_FAMILY = "1,2";
				VALIDATE_PRODUCT = YES;
			};
			name = Release;
		};
		2B78135B272A8A6A002A8972 /* Debug */ = {
			isa = XCBuildConfiguration;
			buildSettings = {
				ASSETCATALOG_COMPILER_APPICON_NAME = AppIcon;
				ASSETCATALOG_COMPILER_GLOBAL_ACCENT_COLOR_NAME = AccentColor;
				CODE_SIGN_STYLE = Automatic;
				CURRENT_PROJECT_VERSION = 1;
				DEVELOPMENT_ASSET_PATHS = "\"HandyBand/Preview Content\"";
				DEVELOPMENT_TEAM = KC6UBJYB5C;
				ENABLE_PREVIEWS = YES;
				GENERATE_INFOPLIST_FILE = YES;
				INFOPLIST_FILE = HandyBand/Info.plist;
				INFOPLIST_KEY_NSMicrophoneUsageDescription = "plase allow Microphone setting";
				INFOPLIST_KEY_UIApplicationSupportsIndirectInputEvents = YES;
				INFOPLIST_KEY_UILaunchScreen_Generation = YES;
				INFOPLIST_KEY_UISupportedInterfaceOrientations_iPad = "UIInterfaceOrientationPortrait UIInterfaceOrientationPortraitUpsideDown UIInterfaceOrientationLandscapeLeft UIInterfaceOrientationLandscapeRight";
				INFOPLIST_KEY_UISupportedInterfaceOrientations_iPhone = "UIInterfaceOrientationPortrait UIInterfaceOrientationLandscapeLeft UIInterfaceOrientationLandscapeRight";
				IPHONEOS_DEPLOYMENT_TARGET = 15.0;
				LD_RUNPATH_SEARCH_PATHS = (
					"$(inherited)",
					"@executable_path/Frameworks",
				);
				MARKETING_VERSION = 1.0;
				PRODUCT_BUNDLE_IDENTIFIER = DanTereson.LoopPlayer;
				PRODUCT_NAME = "$(TARGET_NAME)";
				SWIFT_EMIT_LOC_STRINGS = YES;
				SWIFT_VERSION = 5.0;
				TARGETED_DEVICE_FAMILY = "1,2";
			};
			name = Debug;
		};
		2B78135C272A8A6A002A8972 /* Release */ = {
			isa = XCBuildConfiguration;
			buildSettings = {
				ASSETCATALOG_COMPILER_APPICON_NAME = AppIcon;
				ASSETCATALOG_COMPILER_GLOBAL_ACCENT_COLOR_NAME = AccentColor;
				CODE_SIGN_STYLE = Automatic;
				CURRENT_PROJECT_VERSION = 1;
				DEVELOPMENT_ASSET_PATHS = "\"HandyBand/Preview Content\"";
				DEVELOPMENT_TEAM = KC6UBJYB5C;
				ENABLE_PREVIEWS = YES;
				GENERATE_INFOPLIST_FILE = YES;
				INFOPLIST_FILE = HandyBand/Info.plist;
				INFOPLIST_KEY_NSMicrophoneUsageDescription = "plase allow Microphone setting";
				INFOPLIST_KEY_UIApplicationSupportsIndirectInputEvents = YES;
				INFOPLIST_KEY_UILaunchScreen_Generation = YES;
				INFOPLIST_KEY_UISupportedInterfaceOrientations_iPad = "UIInterfaceOrientationPortrait UIInterfaceOrientationPortraitUpsideDown UIInterfaceOrientationLandscapeLeft UIInterfaceOrientationLandscapeRight";
				INFOPLIST_KEY_UISupportedInterfaceOrientations_iPhone = "UIInterfaceOrientationPortrait UIInterfaceOrientationLandscapeLeft UIInterfaceOrientationLandscapeRight";
				IPHONEOS_DEPLOYMENT_TARGET = 15.0;
				LD_RUNPATH_SEARCH_PATHS = (
					"$(inherited)",
					"@executable_path/Frameworks",
				);
				MARKETING_VERSION = 1.0;
				PRODUCT_BUNDLE_IDENTIFIER = DanTereson.LoopPlayer;
				PRODUCT_NAME = "$(TARGET_NAME)";
				SWIFT_EMIT_LOC_STRINGS = YES;
				SWIFT_VERSION = 5.0;
				TARGETED_DEVICE_FAMILY = "1,2";
			};
			name = Release;
		};
/* End XCBuildConfiguration section */

/* Begin XCConfigurationList section */
		2B781347272A8A68002A8972 /* Build configuration list for PBXProject "HandyBand" */ = {
			isa = XCConfigurationList;
			buildConfigurations = (
				2B781358272A8A6A002A8972 /* Debug */,
				2B781359272A8A6A002A8972 /* Release */,
			);
			defaultConfigurationIsVisible = 0;
			defaultConfigurationName = Release;
		};
		2B78135A272A8A6A002A8972 /* Build configuration list for PBXNativeTarget "HandyBand" */ = {
			isa = XCConfigurationList;
			buildConfigurations = (
				2B78135B272A8A6A002A8972 /* Debug */,
				2B78135C272A8A6A002A8972 /* Release */,
			);
			defaultConfigurationIsVisible = 0;
			defaultConfigurationName = Release;
		};
/* End XCConfigurationList section */

/* Begin XCRemoteSwiftPackageReference section */
		2B81F693272BC73E0081BCB6 /* XCRemoteSwiftPackageReference "AudioKit" */ = {
			isa = XCRemoteSwiftPackageReference;
			repositoryURL = "https://github.com/AudioKit/AudioKit";
			requirement = {
				branch = main;
				kind = branch;
			};
		};
		2BC8725E272D8C5400AD500A /* XCRemoteSwiftPackageReference "SoundpipeAudioKit" */ = {
			isa = XCRemoteSwiftPackageReference;
			repositoryURL = "https://github.com/AudioKit/SoundpipeAudioKit.git";
			requirement = {
				kind = upToNextMajorVersion;
				minimumVersion = 5.0.0;
			};
		};
/* End XCRemoteSwiftPackageReference section */

/* Begin XCSwiftPackageProductDependency section */
		2B81F694272BC73E0081BCB6 /* AudioKit */ = {
			isa = XCSwiftPackageProductDependency;
			package = 2B81F693272BC73E0081BCB6 /* XCRemoteSwiftPackageReference "AudioKit" */;
			productName = AudioKit;
		};
		2BC8725F272D8C5400AD500A /* SoundpipeAudioKit */ = {
			isa = XCSwiftPackageProductDependency;
			package = 2BC8725E272D8C5400AD500A /* XCRemoteSwiftPackageReference "SoundpipeAudioKit" */;
			productName = SoundpipeAudioKit;
		};
/* End XCSwiftPackageProductDependency section */
	};
	rootObject = 2B781344272A8A68002A8972 /* Project object */;
}
