// !$*UTF8*$!
{
	archiveVersion = 1;
	classes = {
	};
	objectVersion = 55;
	objects = {

/* Begin PBXBuildFile section */
		2B781350272A8A68002A8972 /* LoopPlayerApp.swift in Sources */ = {isa = PBXBuildFile; fileRef = 2B78134F272A8A68002A8972 /* LoopPlayerApp.swift */; };
		2B781352272A8A68002A8972 /* ContentView.swift in Sources */ = {isa = PBXBuildFile; fileRef = 2B781351272A8A68002A8972 /* ContentView.swift */; };
		2B781354272A8A6A002A8972 /* Assets.xcassets in Resources */ = {isa = PBXBuildFile; fileRef = 2B781353272A8A6A002A8972 /* Assets.xcassets */; };
		2B781357272A8A6A002A8972 /* Preview Assets.xcassets in Resources */ = {isa = PBXBuildFile; fileRef = 2B781356272A8A6A002A8972 /* Preview Assets.xcassets */; };
		2B78135E272A8B0B002A8972 /* button_sample_play.swift in Sources */ = {isa = PBXBuildFile; fileRef = 2B78135D272A8B0B002A8972 /* button_sample_play.swift */; };
		2B781360272AA025002A8972 /* PlaySample.swift in Sources */ = {isa = PBXBuildFile; fileRef = 2B78135F272AA025002A8972 /* PlaySample.swift */; };
		2B781362272AA477002A8972 /* sample_drum_one.mp3 in Resources */ = {isa = PBXBuildFile; fileRef = 2B781361272AA477002A8972 /* sample_drum_one.mp3 */; };
		2B781368272AAB40002A8972 /* sample_drum_one_Edited.wav in Resources */ = {isa = PBXBuildFile; fileRef = 2B781367272AAB40002A8972 /* sample_drum_one_Edited.wav */; };
		2B81F680272B2BD70081BCB6 /* PlaySampleDrumsGroup.swift in Sources */ = {isa = PBXBuildFile; fileRef = 2B81F67F272B2BD70081BCB6 /* PlaySampleDrumsGroup.swift */; };
		2B81F683272B2DBF0081BCB6 /* sample_drum_three.wav in Resources */ = {isa = PBXBuildFile; fileRef = 2B81F681272B2DBF0081BCB6 /* sample_drum_three.wav */; };
		2B81F684272B2DBF0081BCB6 /* sample_drum_two.wav in Resources */ = {isa = PBXBuildFile; fileRef = 2B81F682272B2DBF0081BCB6 /* sample_drum_two.wav */; };
		2B81F686272B2E770081BCB6 /* PlaySampleBassGroup.swift in Sources */ = {isa = PBXBuildFile; fileRef = 2B81F685272B2E770081BCB6 /* PlaySampleBassGroup.swift */; };
		2B81F68A272BC0460081BCB6 /* sample_drum_110_8_three.wav in Resources */ = {isa = PBXBuildFile; fileRef = 2B81F687272BC0460081BCB6 /* sample_drum_110_8_three.wav */; };
		2B81F68B272BC0460081BCB6 /* sample_drum_110_8_two.wav in Resources */ = {isa = PBXBuildFile; fileRef = 2B81F688272BC0460081BCB6 /* sample_drum_110_8_two.wav */; };
		2B81F68C272BC0460081BCB6 /* sample_drum_110_8_one.wav in Resources */ = {isa = PBXBuildFile; fileRef = 2B81F689272BC0460081BCB6 /* sample_drum_110_8_one.wav */; };
		2B81F690272BC1BD0081BCB6 /* sample_bass_110_8_two.wav in Resources */ = {isa = PBXBuildFile; fileRef = 2B81F68D272BC1BC0081BCB6 /* sample_bass_110_8_two.wav */; };
		2B81F691272BC1BD0081BCB6 /* sample_bass_110_8_one.wav in Resources */ = {isa = PBXBuildFile; fileRef = 2B81F68E272BC1BC0081BCB6 /* sample_bass_110_8_one.wav */; };
		2B81F692272BC1BD0081BCB6 /* sample_bass_110_8_three.wav in Resources */ = {isa = PBXBuildFile; fileRef = 2B81F68F272BC1BD0081BCB6 /* sample_bass_110_8_three.wav */; };
		2B81F695272BC73E0081BCB6 /* AudioKit in Frameworks */ = {isa = PBXBuildFile; productRef = 2B81F694272BC73E0081BCB6 /* AudioKit */; };
		2B81F698272BF5640081BCB6 /* VolumeSlider.swift in Sources */ = {isa = PBXBuildFile; fileRef = 2B81F697272BF5640081BCB6 /* VolumeSlider.swift */; };
		2B9DA5FC272C6C250085365C /* SliderView_PlayButton.swift in Sources */ = {isa = PBXBuildFile; fileRef = 2B9DA5FB272C6C250085365C /* SliderView_PlayButton.swift */; };
/* End PBXBuildFile section */

/* Begin PBXFileReference section */
		2B78134C272A8A68002A8972 /* LoopPlayer.app */ = {isa = PBXFileReference; explicitFileType = wrapper.application; includeInIndex = 0; path = LoopPlayer.app; sourceTree = BUILT_PRODUCTS_DIR; };
		2B78134F272A8A68002A8972 /* LoopPlayerApp.swift */ = {isa = PBXFileReference; lastKnownFileType = sourcecode.swift; path = LoopPlayerApp.swift; sourceTree = "<group>"; };
		2B781351272A8A68002A8972 /* ContentView.swift */ = {isa = PBXFileReference; lastKnownFileType = sourcecode.swift; path = ContentView.swift; sourceTree = "<group>"; };
		2B781353272A8A6A002A8972 /* Assets.xcassets */ = {isa = PBXFileReference; lastKnownFileType = folder.assetcatalog; path = Assets.xcassets; sourceTree = "<group>"; };
		2B781356272A8A6A002A8972 /* Preview Assets.xcassets */ = {isa = PBXFileReference; lastKnownFileType = folder.assetcatalog; path = "Preview Assets.xcassets"; sourceTree = "<group>"; };
		2B78135D272A8B0B002A8972 /* button_sample_play.swift */ = {isa = PBXFileReference; lastKnownFileType = sourcecode.swift; path = button_sample_play.swift; sourceTree = "<group>"; };
		2B78135F272AA025002A8972 /* PlaySample.swift */ = {isa = PBXFileReference; lastKnownFileType = sourcecode.swift; path = PlaySample.swift; sourceTree = "<group>"; };
		2B781361272AA477002A8972 /* sample_drum_one.mp3 */ = {isa = PBXFileReference; lastKnownFileType = audio.mp3; path = sample_drum_one.mp3; sourceTree = "<group>"; };
		2B781367272AAB40002A8972 /* sample_drum_one_Edited.wav */ = {isa = PBXFileReference; lastKnownFileType = audio.wav; path = sample_drum_one_Edited.wav; sourceTree = "<group>"; };
		2B81F67F272B2BD70081BCB6 /* PlaySampleDrumsGroup.swift */ = {isa = PBXFileReference; lastKnownFileType = sourcecode.swift; path = PlaySampleDrumsGroup.swift; sourceTree = "<group>"; };
		2B81F681272B2DBF0081BCB6 /* sample_drum_three.wav */ = {isa = PBXFileReference; lastKnownFileType = audio.wav; path = sample_drum_three.wav; sourceTree = "<group>"; };
		2B81F682272B2DBF0081BCB6 /* sample_drum_two.wav */ = {isa = PBXFileReference; lastKnownFileType = audio.wav; path = sample_drum_two.wav; sourceTree = "<group>"; };
		2B81F685272B2E770081BCB6 /* PlaySampleBassGroup.swift */ = {isa = PBXFileReference; lastKnownFileType = sourcecode.swift; path = PlaySampleBassGroup.swift; sourceTree = "<group>"; };
		2B81F687272BC0460081BCB6 /* sample_drum_110_8_three.wav */ = {isa = PBXFileReference; lastKnownFileType = audio.wav; path = sample_drum_110_8_three.wav; sourceTree = "<group>"; };
		2B81F688272BC0460081BCB6 /* sample_drum_110_8_two.wav */ = {isa = PBXFileReference; lastKnownFileType = audio.wav; path = sample_drum_110_8_two.wav; sourceTree = "<group>"; };
		2B81F689272BC0460081BCB6 /* sample_drum_110_8_one.wav */ = {isa = PBXFileReference; lastKnownFileType = audio.wav; path = sample_drum_110_8_one.wav; sourceTree = "<group>"; };
		2B81F68D272BC1BC0081BCB6 /* sample_bass_110_8_two.wav */ = {isa = PBXFileReference; lastKnownFileType = audio.wav; path = sample_bass_110_8_two.wav; sourceTree = "<group>"; };
		2B81F68E272BC1BC0081BCB6 /* sample_bass_110_8_one.wav */ = {isa = PBXFileReference; lastKnownFileType = audio.wav; path = sample_bass_110_8_one.wav; sourceTree = "<group>"; };
		2B81F68F272BC1BD0081BCB6 /* sample_bass_110_8_three.wav */ = {isa = PBXFileReference; lastKnownFileType = audio.wav; path = sample_bass_110_8_three.wav; sourceTree = "<group>"; };
		2B81F697272BF5640081BCB6 /* VolumeSlider.swift */ = {isa = PBXFileReference; lastKnownFileType = sourcecode.swift; path = VolumeSlider.swift; sourceTree = "<group>"; };
		2B9DA5FB272C6C250085365C /* SliderView_PlayButton.swift */ = {isa = PBXFileReference; lastKnownFileType = sourcecode.swift; path = SliderView_PlayButton.swift; sourceTree = "<group>"; };
/* End PBXFileReference section */

/* Begin PBXFrameworksBuildPhase section */
		2B781349272A8A68002A8972 /* Frameworks */ = {
			isa = PBXFrameworksBuildPhase;
			buildActionMask = 2147483647;
			files = (
				2B81F695272BC73E0081BCB6 /* AudioKit in Frameworks */,
			);
			runOnlyForDeploymentPostprocessing = 0;
		};
/* End PBXFrameworksBuildPhase section */

/* Begin PBXGroup section */
		2B781343272A8A68002A8972 = {
			isa = PBXGroup;
			children = (
				2B78134E272A8A68002A8972 /* LoopPlayer */,
				2B78134D272A8A68002A8972 /* Products */,
			);
			sourceTree = "<group>";
		};
		2B78134D272A8A68002A8972 /* Products */ = {
			isa = PBXGroup;
			children = (
				2B78134C272A8A68002A8972 /* LoopPlayer.app */,
			);
			name = Products;
			sourceTree = "<group>";
		};
		2B78134E272A8A68002A8972 /* LoopPlayer */ = {
			isa = PBXGroup;
			children = (
				2B81F696272BCE210081BCB6 /* Views */,
				2B78135F272AA025002A8972 /* PlaySample.swift */,
				2B781353272A8A6A002A8972 /* Assets.xcassets */,
				2B781361272AA477002A8972 /* sample_drum_one.mp3 */,
				2B781367272AAB40002A8972 /* sample_drum_one_Edited.wav */,
				2B81F681272B2DBF0081BCB6 /* sample_drum_three.wav */,
				2B81F682272B2DBF0081BCB6 /* sample_drum_two.wav */,
				2B81F689272BC0460081BCB6 /* sample_drum_110_8_one.wav */,
				2B81F687272BC0460081BCB6 /* sample_drum_110_8_three.wav */,
				2B81F688272BC0460081BCB6 /* sample_drum_110_8_two.wav */,
				2B81F68E272BC1BC0081BCB6 /* sample_bass_110_8_one.wav */,
				2B81F68F272BC1BD0081BCB6 /* sample_bass_110_8_three.wav */,
				2B81F68D272BC1BC0081BCB6 /* sample_bass_110_8_two.wav */,
				2B781355272A8A6A002A8972 /* Preview Content */,
			);
			path = LoopPlayer;
			sourceTree = "<group>";
		};
		2B781355272A8A6A002A8972 /* Preview Content */ = {
			isa = PBXGroup;
			children = (
				2B781356272A8A6A002A8972 /* Preview Assets.xcassets */,
			);
			path = "Preview Content";
			sourceTree = "<group>";
		};
		2B81F696272BCE210081BCB6 /* Views */ = {
			isa = PBXGroup;
			children = (
				2B78135D272A8B0B002A8972 /* button_sample_play.swift */,
				2B81F685272B2E770081BCB6 /* PlaySampleBassGroup.swift */,
				2B81F67F272B2BD70081BCB6 /* PlaySampleDrumsGroup.swift */,
				2B81F697272BF5640081BCB6 /* VolumeSlider.swift */,
				2B781351272A8A68002A8972 /* ContentView.swift */,
				2B78134F272A8A68002A8972 /* LoopPlayerApp.swift */,
				2B9DA5FB272C6C250085365C /* SliderView_PlayButton.swift */,
			);
			path = Views;
			sourceTree = "<group>";
		};
/* End PBXGroup section */

/* Begin PBXNativeTarget section */
		2B78134B272A8A68002A8972 /* LoopPlayer */ = {
			isa = PBXNativeTarget;
			buildConfigurationList = 2B78135A272A8A6A002A8972 /* Build configuration list for PBXNativeTarget "LoopPlayer" */;
			buildPhases = (
				2B781348272A8A68002A8972 /* Sources */,
				2B781349272A8A68002A8972 /* Frameworks */,
				2B78134A272A8A68002A8972 /* Resources */,
			);
			buildRules = (
			);
			dependencies = (
			);
			name = LoopPlayer;
			packageProductDependencies = (
				2B81F694272BC73E0081BCB6 /* AudioKit */,
			);
			productName = LoopPlayer;
			productReference = 2B78134C272A8A68002A8972 /* LoopPlayer.app */;
			productType = "com.apple.product-type.application";
		};
/* End PBXNativeTarget section */

/* Begin PBXProject section */
		2B781344272A8A68002A8972 /* Project object */ = {
			isa = PBXProject;
			attributes = {
				BuildIndependentTargetsInParallel = 1;
				LastSwiftUpdateCheck = 1300;
				LastUpgradeCheck = 1300;
				TargetAttributes = {
					2B78134B272A8A68002A8972 = {
						CreatedOnToolsVersion = 13.0;
					};
				};
			};
			buildConfigurationList = 2B781347272A8A68002A8972 /* Build configuration list for PBXProject "LoopPlayer" */;
			compatibilityVersion = "Xcode 13.0";
			developmentRegion = en;
			hasScannedForEncodings = 0;
			knownRegions = (
				en,
				Base,
			);
			mainGroup = 2B781343272A8A68002A8972;
			packageReferences = (
				2B81F693272BC73E0081BCB6 /* XCRemoteSwiftPackageReference "AudioKit" */,
			);
			productRefGroup = 2B78134D272A8A68002A8972 /* Products */;
			projectDirPath = "";
			projectRoot = "";
			targets = (
				2B78134B272A8A68002A8972 /* LoopPlayer */,
			);
		};
/* End PBXProject section */

/* Begin PBXResourcesBuildPhase section */
		2B78134A272A8A68002A8972 /* Resources */ = {
			isa = PBXResourcesBuildPhase;
			buildActionMask = 2147483647;
			files = (
				2B81F692272BC1BD0081BCB6 /* sample_bass_110_8_three.wav in Resources */,
				2B781357272A8A6A002A8972 /* Preview Assets.xcassets in Resources */,
				2B81F683272B2DBF0081BCB6 /* sample_drum_three.wav in Resources */,
				2B781362272AA477002A8972 /* sample_drum_one.mp3 in Resources */,
				2B781368272AAB40002A8972 /* sample_drum_one_Edited.wav in Resources */,
				2B81F690272BC1BD0081BCB6 /* sample_bass_110_8_two.wav in Resources */,
				2B781354272A8A6A002A8972 /* Assets.xcassets in Resources */,
				2B81F68C272BC0460081BCB6 /* sample_drum_110_8_one.wav in Resources */,
				2B81F68A272BC0460081BCB6 /* sample_drum_110_8_three.wav in Resources */,
				2B81F691272BC1BD0081BCB6 /* sample_bass_110_8_one.wav in Resources */,
				2B81F684272B2DBF0081BCB6 /* sample_drum_two.wav in Resources */,
				2B81F68B272BC0460081BCB6 /* sample_drum_110_8_two.wav in Resources */,
			);
			runOnlyForDeploymentPostprocessing = 0;
		};
/* End PBXResourcesBuildPhase section */

/* Begin PBXSourcesBuildPhase section */
		2B781348272A8A68002A8972 /* Sources */ = {
			isa = PBXSourcesBuildPhase;
			buildActionMask = 2147483647;
			files = (
				2B781352272A8A68002A8972 /* ContentView.swift in Sources */,
				2B81F698272BF5640081BCB6 /* VolumeSlider.swift in Sources */,
				2B78135E272A8B0B002A8972 /* button_sample_play.swift in Sources */,
				2B81F686272B2E770081BCB6 /* PlaySampleBassGroup.swift in Sources */,
				2B781350272A8A68002A8972 /* LoopPlayerApp.swift in Sources */,
				2B9DA5FC272C6C250085365C /* SliderView_PlayButton.swift in Sources */,
				2B781360272AA025002A8972 /* PlaySample.swift in Sources */,
				2B81F680272B2BD70081BCB6 /* PlaySampleDrumsGroup.swift in Sources */,
			);
			runOnlyForDeploymentPostprocessing = 0;
		};
/* End PBXSourcesBuildPhase section */

/* Begin XCBuildConfiguration section */
		2B781358272A8A6A002A8972 /* Debug */ = {
			isa = XCBuildConfiguration;
			buildSettings = {
				ALWAYS_SEARCH_USER_PATHS = NO;
				CLANG_ANALYZER_NONNULL = YES;
				CLANG_ANALYZER_NUMBER_OBJECT_CONVERSION = YES_AGGRESSIVE;
				CLANG_CXX_LANGUAGE_STANDARD = "gnu++17";
				CLANG_CXX_LIBRARY = "libc++";
				CLANG_ENABLE_MODULES = YES;
				CLANG_ENABLE_OBJC_ARC = YES;
				CLANG_ENABLE_OBJC_WEAK = YES;
				CLANG_WARN_BLOCK_CAPTURE_AUTORELEASING = YES;
				CLANG_WARN_BOOL_CONVERSION = YES;
				CLANG_WARN_COMMA = YES;
				CLANG_WARN_CONSTANT_CONVERSION = YES;
				CLANG_WARN_DEPRECATED_OBJC_IMPLEMENTATIONS = YES;
				CLANG_WARN_DIRECT_OBJC_ISA_USAGE = YES_ERROR;
				CLANG_WARN_DOCUMENTATION_COMMENTS = YES;
				CLANG_WARN_EMPTY_BODY = YES;
				CLANG_WARN_ENUM_CONVERSION = YES;
				CLANG_WARN_INFINITE_RECURSION = YES;
				CLANG_WARN_INT_CONVERSION = YES;
				CLANG_WARN_NON_LITERAL_NULL_CONVERSION = YES;
				CLANG_WARN_OBJC_IMPLICIT_RETAIN_SELF = YES;
				CLANG_WARN_OBJC_LITERAL_CONVERSION = YES;
				CLANG_WARN_OBJC_ROOT_CLASS = YES_ERROR;
				CLANG_WARN_QUOTED_INCLUDE_IN_FRAMEWORK_HEADER = YES;
				CLANG_WARN_RANGE_LOOP_ANALYSIS = YES;
				CLANG_WARN_STRICT_PROTOTYPES = YES;
				CLANG_WARN_SUSPICIOUS_MOVE = YES;
				CLANG_WARN_UNGUARDED_AVAILABILITY = YES_AGGRESSIVE;
				CLANG_WARN_UNREACHABLE_CODE = YES;
				CLANG_WARN__DUPLICATE_METHOD_MATCH = YES;
				COPY_PHASE_STRIP = NO;
				DEBUG_INFORMATION_FORMAT = dwarf;
				ENABLE_STRICT_OBJC_MSGSEND = YES;
				ENABLE_TESTABILITY = YES;
				GCC_C_LANGUAGE_STANDARD = gnu11;
				GCC_DYNAMIC_NO_PIC = NO;
				GCC_NO_COMMON_BLOCKS = YES;
				GCC_OPTIMIZATION_LEVEL = 0;
				GCC_PREPROCESSOR_DEFINITIONS = (
					"DEBUG=1",
					"$(inherited)",
				);
				GCC_WARN_64_TO_32_BIT_CONVERSION = YES;
				GCC_WARN_ABOUT_RETURN_TYPE = YES_ERROR;
				GCC_WARN_UNDECLARED_SELECTOR = YES;
				GCC_WARN_UNINITIALIZED_AUTOS = YES_AGGRESSIVE;
				GCC_WARN_UNUSED_FUNCTION = YES;
				GCC_WARN_UNUSED_VARIABLE = YES;
				IPHONEOS_DEPLOYMENT_TARGET = 15.0;
				MTL_ENABLE_DEBUG_INFO = INCLUDE_SOURCE;
				MTL_FAST_MATH = YES;
				ONLY_ACTIVE_ARCH = YES;
				SDKROOT = iphoneos;
				SWIFT_ACTIVE_COMPILATION_CONDITIONS = DEBUG;
				SWIFT_OPTIMIZATION_LEVEL = "-Onone";
			};
			name = Debug;
		};
		2B781359272A8A6A002A8972 /* Release */ = {
			isa = XCBuildConfiguration;
			buildSettings = {
				ALWAYS_SEARCH_USER_PATHS = NO;
				CLANG_ANALYZER_NONNULL = YES;
				CLANG_ANALYZER_NUMBER_OBJECT_CONVERSION = YES_AGGRESSIVE;
				CLANG_CXX_LANGUAGE_STANDARD = "gnu++17";
				CLANG_CXX_LIBRARY = "libc++";
				CLANG_ENABLE_MODULES = YES;
				CLANG_ENABLE_OBJC_ARC = YES;
				CLANG_ENABLE_OBJC_WEAK = YES;
				CLANG_WARN_BLOCK_CAPTURE_AUTORELEASING = YES;
				CLANG_WARN_BOOL_CONVERSION = YES;
				CLANG_WARN_COMMA = YES;
				CLANG_WARN_CONSTANT_CONVERSION = YES;
				CLANG_WARN_DEPRECATED_OBJC_IMPLEMENTATIONS = YES;
				CLANG_WARN_DIRECT_OBJC_ISA_USAGE = YES_ERROR;
				CLANG_WARN_DOCUMENTATION_COMMENTS = YES;
				CLANG_WARN_EMPTY_BODY = YES;
				CLANG_WARN_ENUM_CONVERSION = YES;
				CLANG_WARN_INFINITE_RECURSION = YES;
				CLANG_WARN_INT_CONVERSION = YES;
				CLANG_WARN_NON_LITERAL_NULL_CONVERSION = YES;
				CLANG_WARN_OBJC_IMPLICIT_RETAIN_SELF = YES;
				CLANG_WARN_OBJC_LITERAL_CONVERSION = YES;
				CLANG_WARN_OBJC_ROOT_CLASS = YES_ERROR;
				CLANG_WARN_QUOTED_INCLUDE_IN_FRAMEWORK_HEADER = YES;
				CLANG_WARN_RANGE_LOOP_ANALYSIS = YES;
				CLANG_WARN_STRICT_PROTOTYPES = YES;
				CLANG_WARN_SUSPICIOUS_MOVE = YES;
				CLANG_WARN_UNGUARDED_AVAILABILITY = YES_AGGRESSIVE;
				CLANG_WARN_UNREACHABLE_CODE = YES;
				CLANG_WARN__DUPLICATE_METHOD_MATCH = YES;
				COPY_PHASE_STRIP = NO;
				DEBUG_INFORMATION_FORMAT = "dwarf-with-dsym";
				ENABLE_NS_ASSERTIONS = NO;
				ENABLE_STRICT_OBJC_MSGSEND = YES;
				GCC_C_LANGUAGE_STANDARD = gnu11;
				GCC_NO_COMMON_BLOCKS = YES;
				GCC_WARN_64_TO_32_BIT_CONVERSION = YES;
				GCC_WARN_ABOUT_RETURN_TYPE = YES_ERROR;
				GCC_WARN_UNDECLARED_SELECTOR = YES;
				GCC_WARN_UNINITIALIZED_AUTOS = YES_AGGRESSIVE;
				GCC_WARN_UNUSED_FUNCTION = YES;
				GCC_WARN_UNUSED_VARIABLE = YES;
				IPHONEOS_DEPLOYMENT_TARGET = 15.0;
				MTL_ENABLE_DEBUG_INFO = NO;
				MTL_FAST_MATH = YES;
				SDKROOT = iphoneos;
				SWIFT_COMPILATION_MODE = wholemodule;
				SWIFT_OPTIMIZATION_LEVEL = "-O";
				VALIDATE_PRODUCT = YES;
			};
			name = Release;
		};
		2B78135B272A8A6A002A8972 /* Debug */ = {
			isa = XCBuildConfiguration;
			buildSettings = {
				ASSETCATALOG_COMPILER_APPICON_NAME = AppIcon;
				ASSETCATALOG_COMPILER_GLOBAL_ACCENT_COLOR_NAME = AccentColor;
				CODE_SIGN_STYLE = Automatic;
				CURRENT_PROJECT_VERSION = 1;
				DEVELOPMENT_ASSET_PATHS = "\"LoopPlayer/Preview Content\"";
				DEVELOPMENT_TEAM = KC6UBJYB5C;
				ENABLE_PREVIEWS = YES;
				GENERATE_INFOPLIST_FILE = YES;
				INFOPLIST_KEY_UIApplicationSceneManifest_Generation = YES;
				INFOPLIST_KEY_UIApplicationSupportsIndirectInputEvents = YES;
				INFOPLIST_KEY_UILaunchScreen_Generation = YES;
				INFOPLIST_KEY_UISupportedInterfaceOrientations_iPad = "UIInterfaceOrientationPortrait UIInterfaceOrientationPortraitUpsideDown UIInterfaceOrientationLandscapeLeft UIInterfaceOrientationLandscapeRight";
				INFOPLIST_KEY_UISupportedInterfaceOrientations_iPhone = "UIInterfaceOrientationPortrait UIInterfaceOrientationLandscapeLeft UIInterfaceOrientationLandscapeRight";
				IPHONEOS_DEPLOYMENT_TARGET = 14.0;
				LD_RUNPATH_SEARCH_PATHS = (
					"$(inherited)",
					"@executable_path/Frameworks",
				);
				MARKETING_VERSION = 1.0;
				PRODUCT_BUNDLE_IDENTIFIER = DanTereson.LoopPlayer;
				PRODUCT_NAME = "$(TARGET_NAME)";
				SWIFT_EMIT_LOC_STRINGS = YES;
				SWIFT_VERSION = 5.0;
				TARGETED_DEVICE_FAMILY = "1,2";
			};
			name = Debug;
		};
		2B78135C272A8A6A002A8972 /* Release */ = {
			isa = XCBuildConfiguration;
			buildSettings = {
				ASSETCATALOG_COMPILER_APPICON_NAME = AppIcon;
				ASSETCATALOG_COMPILER_GLOBAL_ACCENT_COLOR_NAME = AccentColor;
				CODE_SIGN_STYLE = Automatic;
				CURRENT_PROJECT_VERSION = 1;
				DEVELOPMENT_ASSET_PATHS = "\"LoopPlayer/Preview Content\"";
				DEVELOPMENT_TEAM = KC6UBJYB5C;
				ENABLE_PREVIEWS = YES;
				GENERATE_INFOPLIST_FILE = YES;
				INFOPLIST_KEY_UIApplicationSceneManifest_Generation = YES;
				INFOPLIST_KEY_UIApplicationSupportsIndirectInputEvents = YES;
				INFOPLIST_KEY_UILaunchScreen_Generation = YES;
				INFOPLIST_KEY_UISupportedInterfaceOrientations_iPad = "UIInterfaceOrientationPortrait UIInterfaceOrientationPortraitUpsideDown UIInterfaceOrientationLandscapeLeft UIInterfaceOrientationLandscapeRight";
				INFOPLIST_KEY_UISupportedInterfaceOrientations_iPhone = "UIInterfaceOrientationPortrait UIInterfaceOrientationLandscapeLeft UIInterfaceOrientationLandscapeRight";
				IPHONEOS_DEPLOYMENT_TARGET = 14.0;
				LD_RUNPATH_SEARCH_PATHS = (
					"$(inherited)",
					"@executable_path/Frameworks",
				);
				MARKETING_VERSION = 1.0;
				PRODUCT_BUNDLE_IDENTIFIER = DanTereson.LoopPlayer;
				PRODUCT_NAME = "$(TARGET_NAME)";
				SWIFT_EMIT_LOC_STRINGS = YES;
				SWIFT_VERSION = 5.0;
				TARGETED_DEVICE_FAMILY = "1,2";
			};
			name = Release;
		};
/* End XCBuildConfiguration section */

/* Begin XCConfigurationList section */
		2B781347272A8A68002A8972 /* Build configuration list for PBXProject "LoopPlayer" */ = {
			isa = XCConfigurationList;
			buildConfigurations = (
				2B781358272A8A6A002A8972 /* Debug */,
				2B781359272A8A6A002A8972 /* Release */,
			);
			defaultConfigurationIsVisible = 0;
			defaultConfigurationName = Release;
		};
		2B78135A272A8A6A002A8972 /* Build configuration list for PBXNativeTarget "LoopPlayer" */ = {
			isa = XCConfigurationList;
			buildConfigurations = (
				2B78135B272A8A6A002A8972 /* Debug */,
				2B78135C272A8A6A002A8972 /* Release */,
			);
			defaultConfigurationIsVisible = 0;
			defaultConfigurationName = Release;
		};
/* End XCConfigurationList section */

/* Begin XCRemoteSwiftPackageReference section */
		2B81F693272BC73E0081BCB6 /* XCRemoteSwiftPackageReference "AudioKit" */ = {
			isa = XCRemoteSwiftPackageReference;
			repositoryURL = "https://github.com/AudioKit/AudioKit";
			requirement = {
				branch = main;
				kind = branch;
			};
		};
/* End XCRemoteSwiftPackageReference section */

/* Begin XCSwiftPackageProductDependency section */
		2B81F694272BC73E0081BCB6 /* AudioKit */ = {
			isa = XCSwiftPackageProductDependency;
			package = 2B81F693272BC73E0081BCB6 /* XCRemoteSwiftPackageReference "AudioKit" */;
			productName = AudioKit;
		};
/* End XCSwiftPackageProductDependency section */
	};
	rootObject = 2B781344272A8A68002A8972 /* Project object */;
}
